{
  "version": 4,
  "terraform_version": "1.5.7",
  "serial": 217,
  "lineage": "ef10f2de-dfec-8ca6-0d5e-c06ab28f0cb7",
  "outputs": {
    "atlasclusterstring": {
      "value": [
        {
          "aws_private_link": {
            "vpce-040f1165e3bb42b7f": "mongodb://pl-0-us-east-1.uxs7t.mongodb.net:1024,pl-0-us-east-1.uxs7t.mongodb.net:1025,pl-0-us-east-1.uxs7t.mongodb.net:1026/?ssl=true\u0026authSource=admin\u0026replicaSet=atlas-y5qodj-shard-0"
          },
          "aws_private_link_srv": {
            "vpce-040f1165e3bb42b7f": "mongodb+srv://demo-cluster0-pl-0.uxs7t.mongodb.net"
          },
          "private": "",
          "private_endpoint": [
            {
              "connection_string": "mongodb://pl-0-us-east-1.uxs7t.mongodb.net:1024,pl-0-us-east-1.uxs7t.mongodb.net:1025,pl-0-us-east-1.uxs7t.mongodb.net:1026/?ssl=true\u0026authSource=admin\u0026replicaSet=atlas-y5qodj-shard-0",
              "endpoints": [
                {
                  "endpoint_id": "vpce-040f1165e3bb42b7f",
                  "provider_name": "AWS",
                  "region": "US_EAST_1"
                }
              ],
              "srv_connection_string": "mongodb+srv://demo-cluster0-pl-0.uxs7t.mongodb.net",
              "srv_shard_optimized_connection_string": "",
              "type": "MONGOD"
            }
          ],
          "private_srv": "",
          "standard": "mongodb://demo-cluster0-shard-00-00.uxs7t.mongodb.net:27017,demo-cluster0-shard-00-01.uxs7t.mongodb.net:27017,demo-cluster0-shard-00-02.uxs7t.mongodb.net:27017/?ssl=true\u0026authSource=admin\u0026replicaSet=atlas-y5qodj-shard-0",
          "standard_srv": "mongodb+srv://demo-cluster0.uxs7t.mongodb.net"
        }
      ],
      "type": [
        "list",
        [
          "object",
          {
            "aws_private_link": [
              "map",
              "string"
            ],
            "aws_private_link_srv": [
              "map",
              "string"
            ],
            "private": "string",
            "private_endpoint": [
              "list",
              [
                "object",
                {
                  "connection_string": "string",
                  "endpoints": [
                    "list",
                    [
                      "object",
                      {
                        "endpoint_id": "string",
                        "provider_name": "string",
                        "region": "string"
                      }
                    ]
                  ],
                  "srv_connection_string": "string",
                  "srv_shard_optimized_connection_string": "string",
                  "type": "string"
                }
              ]
            ],
            "private_srv": "string",
            "standard": "string",
            "standard_srv": "string"
          }
        ]
      ]
    },
    "plstring": {
      "value": "mongodb+srv://demo-cluster0-pl-0.uxs7t.mongodb.net",
      "type": "string"
    }
  },
  "resources": [
    {
      "mode": "managed",
      "type": "aws_vpc_endpoint",
      "name": "ptfe_service",
      "provider": "provider[\"registry.terraform.io/hashicorp/aws\"]",
      "instances": [
        {
          "schema_version": 0,
          "attributes": {
            "arn": "arn:aws:ec2:us-east-1:960938931205:vpc-endpoint/vpce-040f1165e3bb42b7f",
            "auto_accept": null,
            "cidr_blocks": [],
            "dns_entry": [
              {
                "dns_name": "vpce-040f1165e3bb42b7f-070u9k48.vpce-svc-0ccabf0efab61bf2a.us-east-1.vpce.amazonaws.com",
                "hosted_zone_id": "Z7HUB22UULQXV"
              },
              {
                "dns_name": "vpce-040f1165e3bb42b7f-070u9k48-us-east-1a.vpce-svc-0ccabf0efab61bf2a.us-east-1.vpce.amazonaws.com",
                "hosted_zone_id": "Z7HUB22UULQXV"
              },
              {
                "dns_name": "vpce-040f1165e3bb42b7f-070u9k48-us-east-1b.vpce-svc-0ccabf0efab61bf2a.us-east-1.vpce.amazonaws.com",
                "hosted_zone_id": "Z7HUB22UULQXV"
              }
            ],
            "dns_options": [
              {
                "dns_record_ip_type": "ipv4",
                "private_dns_only_for_inbound_resolver_endpoint": false
              }
            ],
            "id": "vpce-040f1165e3bb42b7f",
            "ip_address_type": "ipv4",
            "network_interface_ids": [
              "eni-02800cb71da51abb0",
              "eni-0a2983f0b0d2dd77f"
            ],
            "owner_id": "960938931205",
            "policy": "{\"Statement\":[{\"Action\":\"*\",\"Effect\":\"Allow\",\"Principal\":\"*\",\"Resource\":\"*\"}]}",
            "prefix_list_id": null,
            "private_dns_enabled": false,
            "requester_managed": false,
            "route_table_ids": [],
            "security_group_ids": [
              "sg-0cd0cc6ad0aaa7a3c"
            ],
            "service_name": "com.amazonaws.vpce.us-east-1.vpce-svc-0ccabf0efab61bf2a",
            "state": "available",
            "subnet_ids": [
              "subnet-003422557eb4cc2ea",
              "subnet-0ba32e8d12df3e763"
            ],
            "tags": {},
            "tags_all": {},
            "timeouts": null,
            "vpc_endpoint_type": "Interface",
            "vpc_id": "vpc-0e8fb569706f5b5e6"
          },
          "sensitive_attributes": [],
          "private": "eyJlMmJmYjczMC1lY2FhLTExZTYtOGY4OC0zNDM2M2JjN2M0YzAiOnsiY3JlYXRlIjo2MDAwMDAwMDAwMDAsImRlbGV0ZSI6NjAwMDAwMDAwMDAwLCJ1cGRhdGUiOjYwMDAwMDAwMDAwMH19",
          "dependencies": [
            "aws_security_group.primary_default",
            "aws_subnet.primary-az1",
            "aws_subnet.primary-az2",
            "aws_vpc.primary",
            "mongodbatlas_privatelink_endpoint.atlaspl"
          ]
        }
      ]
    },
    {
      "mode": "managed",
      "type": "mongodbatlas_advanced_cluster",
      "name": "cluster-atlas",
      "provider": "provider[\"registry.terraform.io/mongodb/mongodbatlas\"]",
      "instances": [
        {
          "schema_version": 1,
          "attributes": {
            "advanced_configuration": [
              {
                "default_read_concern": "",
                "default_write_concern": "",
                "fail_index_key_too_long": false,
                "javascript_enabled": true,
                "minimum_enabled_tls_protocol": "TLS1_2",
                "no_table_scan": false,
                "oplog_min_retention_hours": 0,
                "oplog_size_mb": 0,
                "sample_refresh_interval_bi_connector": 0,
                "sample_size_bi_connector": 0
              }
            ],
            "backup_enabled": false,
            "bi_connector": [
              {
                "enabled": false,
                "read_preference": "secondary"
              }
            ],
            "bi_connector_config": [
              {
                "enabled": false,
                "read_preference": "secondary"
              }
            ],
            "cluster_id": "64fa2ed0e0ed7e207b1a52d5",
            "cluster_type": "REPLICASET",
            "connection_strings": [
              {
                "aws_private_link": {
                  "vpce-040f1165e3bb42b7f": "mongodb://pl-0-us-east-1.uxs7t.mongodb.net:1024,pl-0-us-east-1.uxs7t.mongodb.net:1025,pl-0-us-east-1.uxs7t.mongodb.net:1026/?ssl=true\u0026authSource=admin\u0026replicaSet=atlas-y5qodj-shard-0"
                },
                "aws_private_link_srv": {
                  "vpce-040f1165e3bb42b7f": "mongodb+srv://demo-cluster0-pl-0.uxs7t.mongodb.net"
                },
                "private": "",
                "private_endpoint": [
                  {
                    "connection_string": "mongodb://pl-0-us-east-1.uxs7t.mongodb.net:1024,pl-0-us-east-1.uxs7t.mongodb.net:1025,pl-0-us-east-1.uxs7t.mongodb.net:1026/?ssl=true\u0026authSource=admin\u0026replicaSet=atlas-y5qodj-shard-0",
                    "endpoints": [
                      {
                        "endpoint_id": "vpce-040f1165e3bb42b7f",
                        "provider_name": "AWS",
                        "region": "US_EAST_1"
                      }
                    ],
                    "srv_connection_string": "mongodb+srv://demo-cluster0-pl-0.uxs7t.mongodb.net",
                    "srv_shard_optimized_connection_string": "",
                    "type": "MONGOD"
                  }
                ],
                "private_srv": "",
                "standard": "mongodb://demo-cluster0-shard-00-00.uxs7t.mongodb.net:27017,demo-cluster0-shard-00-01.uxs7t.mongodb.net:27017,demo-cluster0-shard-00-02.uxs7t.mongodb.net:27017/?ssl=true\u0026authSource=admin\u0026replicaSet=atlas-y5qodj-shard-0",
                "standard_srv": "mongodb+srv://demo-cluster0.uxs7t.mongodb.net"
              }
            ],
            "create_date": "2023-09-07T20:13:04Z",
            "disk_size_gb": 16,
            "encryption_at_rest_provider": "NONE",
            "id": "Y2x1c3Rlcl9pZA==:NjRmYTJlZDBlMGVkN2UyMDdiMWE1MmQ1-Y2x1c3Rlcl9uYW1l:ZGVtby1jbHVzdGVyMA==-cHJvamVjdF9pZA==:NjQwMjY0YWMwYjdiZjMwM2U5ZDEzNmRj",
            "labels": [],
            "mongo_db_major_version": "6.0",
            "mongo_db_version": "6.0.9",
            "name": "demo-cluster0",
            "paused": false,
            "pit_enabled": false,
            "project_id": "640264ac0b7bf303e9d136dc",
            "replication_specs": [
              {
                "container_id": {
                  "AWS:US_EAST_1": "643dfcb886760e508f6d850d"
                },
                "id": "64fa2ed0e0ed7e207b1a52ce",
                "num_shards": 1,
                "region_configs": [
                  {
                    "analytics_auto_scaling": [],
                    "analytics_specs": [],
                    "auto_scaling": [
                      {
                        "compute_enabled": true,
                        "compute_max_instance_size": "M30",
                        "compute_min_instance_size": "M10",
                        "compute_scale_down_enabled": true,
                        "disk_gb_enabled": true
                      }
                    ],
                    "backing_provider_name": "",
                    "electable_specs": [
                      {
                        "disk_iops": 0,
                        "ebs_volume_type": "",
                        "instance_size": "M10",
                        "node_count": 3
                      }
                    ],
                    "priority": 7,
                    "provider_name": "AWS",
                    "read_only_specs": [],
                    "region_name": "US_EAST_1"
                  }
                ],
                "zone_name": "ZoneName managed by Terraform"
              }
            ],
            "retain_backups_enabled": false,
            "root_cert_type": "ISRGROOTX1",
            "state_name": "IDLE",
            "termination_protection_enabled": false,
            "timeouts": null,
            "version_release_system": "LTS"
          },
          "sensitive_attributes": [],
          "private": "eyJlMmJmYjczMC1lY2FhLTExZTYtOGY4OC0zNDM2M2JjN2M0YzAiOnsiY3JlYXRlIjoxMDgwMDAwMDAwMDAwMCwiZGVsZXRlIjoxMDgwMDAwMDAwMDAwMCwidXBkYXRlIjoxMDgwMDAwMDAwMDAwMH0sInNjaGVtYV92ZXJzaW9uIjoiMSJ9"
        }
      ]
    },
    {
      "mode": "managed",
      "type": "mongodbatlas_privatelink_endpoint",
      "name": "atlaspl",
      "provider": "provider[\"registry.terraform.io/mongodb/mongodbatlas\"]",
      "instances": [
        {
          "schema_version": 0,
          "attributes": {
            "endpoint_group_names": [],
            "endpoint_service_name": "com.amazonaws.vpce.us-east-1.vpce-svc-0ccabf0efab61bf2a",
            "error_message": "",
            "id": "cHJpdmF0ZV9saW5rX2lk:NjRmYTJlZDA0NDEwZGE2NTBiZjJjMjRl-cHJvamVjdF9pZA==:NjQwMjY0YWMwYjdiZjMwM2U5ZDEzNmRj-cHJvdmlkZXJfbmFtZQ==:QVdT-cmVnaW9u:dXMtZWFzdC0x",
            "interface_endpoints": [
              "vpce-040f1165e3bb42b7f"
            ],
            "private_endpoints": [],
            "private_link_id": "64fa2ed04410da650bf2c24e",
            "private_link_service_name": "",
            "private_link_service_resource_id": "",
            "project_id": "640264ac0b7bf303e9d136dc",
            "provider_name": "AWS",
            "region": "us-east-1",
            "region_name": "US_EAST_1",
            "service_attachment_names": [],
            "status": "AVAILABLE",
            "timeouts": null
          },
          "sensitive_attributes": [],
          "private": "eyJlMmJmYjczMC1lY2FhLTExZTYtOGY4OC0zNDM2M2JjN2M0YzAiOnsiY3JlYXRlIjozNjAwMDAwMDAwMDAwLCJkZWxldGUiOjM2MDAwMDAwMDAwMDB9fQ=="
        }
      ]
    },
    {
      "mode": "managed",
      "type": "mongodbatlas_privatelink_endpoint_service",
      "name": "atlaseplink",
      "provider": "provider[\"registry.terraform.io/mongodb/mongodbatlas\"]",
      "instances": [
        {
          "schema_version": 0,
          "attributes": {
            "aws_connection_status": "AVAILABLE",
            "azure_status": null,
            "delete_requested": false,
            "endpoint_group_name": null,
            "endpoint_service_id": "vpce-040f1165e3bb42b7f",
            "endpoints": [],
            "error_message": "",
            "gcp_project_id": null,
            "gcp_status": null,
            "id": "ZW5kcG9pbnRfc2VydmljZV9pZA==:dnBjZS0wNDBmMTE2NWUzYmI0MmI3Zg==-cHJpdmF0ZV9saW5rX2lk:NjRmYTJlZDA0NDEwZGE2NTBiZjJjMjRl-cHJvamVjdF9pZA==:NjQwMjY0YWMwYjdiZjMwM2U5ZDEzNmRj-cHJvdmlkZXJfbmFtZQ==:QVdT",
            "interface_endpoint_id": "vpce-040f1165e3bb42b7f",
            "private_endpoint_connection_name": "",
            "private_endpoint_ip_address": "",
            "private_endpoint_resource_id": "",
            "private_link_id": "cHJpdmF0ZV9saW5rX2lk:NjRmYTJlZDA0NDEwZGE2NTBiZjJjMjRl-cHJvamVjdF9pZA==:NjQwMjY0YWMwYjdiZjMwM2U5ZDEzNmRj-cHJvdmlkZXJfbmFtZQ==:QVdT-cmVnaW9u:dXMtZWFzdC0x",
            "project_id": "640264ac0b7bf303e9d136dc",
            "provider_name": "AWS",
            "timeouts": null
          },
          "sensitive_attributes": [],
          "private": "eyJlMmJmYjczMC1lY2FhLTExZTYtOGY4OC0zNDM2M2JjN2M0YzAiOnsiY3JlYXRlIjo3MjAwMDAwMDAwMDAwLCJkZWxldGUiOjcyMDAwMDAwMDAwMDB9fQ==",
          "dependencies": [
            "aws_security_group.primary_default",
            "aws_subnet.primary-az1",
            "aws_subnet.primary-az2",
            "aws_vpc.primary",
            "aws_vpc_endpoint.ptfe_service",
            "mongodbatlas_privatelink_endpoint.atlaspl"
          ]
        }
      ]
    }
  ],
  "check_results": null
}
