{
  "version": 4,
  "terraform_version": "1.5.7",
  "serial": 202,
  "lineage": "ef10f2de-dfec-8ca6-0d5e-c06ab28f0cb7",
  "outputs": {
    "atlasclusterstring": {
      "value": [
        {
          "aws_private_link": {
            "vpce-040f1165e3bb42b7f": "mongodb://pl-0-us-east-1.uxs7t.mongodb.net:1024,pl-0-us-east-1.uxs7t.mongodb.net:1025,pl-0-us-east-1.uxs7t.mongodb.net:1026/?ssl=true\u0026authSource=admin\u0026replicaSet=atlas-y5qodj-shard-0"
          },
          "aws_private_link_srv": {
            "vpce-040f1165e3bb42b7f": "mongodb+srv://demo-cluster0-pl-0.uxs7t.mongodb.net"
          },
          "private": "",
          "private_endpoint": [
            {
              "connection_string": "mongodb://pl-0-us-east-1.uxs7t.mongodb.net:1024,pl-0-us-east-1.uxs7t.mongodb.net:1025,pl-0-us-east-1.uxs7t.mongodb.net:1026/?ssl=true\u0026authSource=admin\u0026replicaSet=atlas-y5qodj-shard-0",
              "endpoints": [
                {
                  "endpoint_id": "vpce-040f1165e3bb42b7f",
                  "provider_name": "AWS",
                  "region": "US_EAST_1"
                }
              ],
              "srv_connection_string": "mongodb+srv://demo-cluster0-pl-0.uxs7t.mongodb.net",
              "srv_shard_optimized_connection_string": "",
              "type": "MONGOD"
            }
          ],
          "private_srv": "",
          "standard": "mongodb://demo-cluster0-shard-00-00.uxs7t.mongodb.net:27017,demo-cluster0-shard-00-01.uxs7t.mongodb.net:27017,demo-cluster0-shard-00-02.uxs7t.mongodb.net:27017/?ssl=true\u0026authSource=admin\u0026replicaSet=atlas-y5qodj-shard-0",
          "standard_srv": "mongodb+srv://demo-cluster0.uxs7t.mongodb.net"
        }
      ],
      "type": [
        "list",
        [
          "object",
          {
            "aws_private_link": [
              "map",
              "string"
            ],
            "aws_private_link_srv": [
              "map",
              "string"
            ],
            "private": "string",
            "private_endpoint": [
              "list",
              [
                "object",
                {
                  "connection_string": "string",
                  "endpoints": [
                    "list",
                    [
                      "object",
                      {
                        "endpoint_id": "string",
                        "provider_name": "string",
                        "region": "string"
                      }
                    ]
                  ],
                  "srv_connection_string": "string",
                  "srv_shard_optimized_connection_string": "string",
                  "type": "string"
                }
              ]
            ],
            "private_srv": "string",
            "standard": "string",
            "standard_srv": "string"
          }
        ]
      ]
    },
    "plstring": {
      "value": "mongodb+srv://demo-cluster0-pl-0.uxs7t.mongodb.net",
      "type": "string"
    }
  },
  "resources": [
    {
      "mode": "data",
      "type": "aws_iam_policy_document",
      "name": "assume_role",
      "provider": "provider[\"registry.terraform.io/hashicorp/aws\"]",
      "instances": [
        {
          "schema_version": 0,
          "attributes": {
            "id": "2690255455",
            "json": "{\n  \"Version\": \"2012-10-17\",\n  \"Statement\": [\n    {\n      \"Effect\": \"Allow\",\n      \"Action\": \"sts:AssumeRole\",\n      \"Principal\": {\n        \"Service\": \"lambda.amazonaws.com\"\n      }\n    }\n  ]\n}",
            "override_policy_documents": null,
            "policy_id": null,
            "source_policy_documents": null,
            "statement": [
              {
                "actions": [
                  "sts:AssumeRole"
                ],
                "condition": [],
                "effect": "Allow",
                "not_actions": [],
                "not_principals": [],
                "not_resources": [],
                "principals": [
                  {
                    "identifiers": [
                      "lambda.amazonaws.com"
                    ],
                    "type": "Service"
                  }
                ],
                "resources": [],
                "sid": ""
              }
            ],
            "version": "2012-10-17"
          },
          "sensitive_attributes": []
        }
      ]
    },
    {
      "mode": "data",
      "type": "mongodbatlas_advanced_cluster",
      "name": "cluster-atlas",
      "provider": "provider[\"registry.terraform.io/mongodb/mongodbatlas\"]",
      "instances": [
        {
          "schema_version": 0,
          "attributes": {
            "advanced_configuration": [
              {
                "default_read_concern": "",
                "default_write_concern": "",
                "fail_index_key_too_long": false,
                "javascript_enabled": true,
                "minimum_enabled_tls_protocol": "TLS1_2",
                "no_table_scan": false,
                "oplog_min_retention_hours": 0,
                "oplog_size_mb": 0,
                "sample_refresh_interval_bi_connector": 0,
                "sample_size_bi_connector": 0
              }
            ],
            "backup_enabled": false,
            "bi_connector_config": [
              {
                "enabled": false,
                "read_preference": "secondary"
              }
            ],
            "cluster_type": "REPLICASET",
            "connection_strings": [
              {
                "aws_private_link": {
                  "vpce-040f1165e3bb42b7f": "mongodb://pl-0-us-east-1.uxs7t.mongodb.net:1024,pl-0-us-east-1.uxs7t.mongodb.net:1025,pl-0-us-east-1.uxs7t.mongodb.net:1026/?ssl=true\u0026authSource=admin\u0026replicaSet=atlas-y5qodj-shard-0"
                },
                "aws_private_link_srv": {
                  "vpce-040f1165e3bb42b7f": "mongodb+srv://demo-cluster0-pl-0.uxs7t.mongodb.net"
                },
                "private": "",
                "private_endpoint": [
                  {
                    "connection_string": "mongodb://pl-0-us-east-1.uxs7t.mongodb.net:1024,pl-0-us-east-1.uxs7t.mongodb.net:1025,pl-0-us-east-1.uxs7t.mongodb.net:1026/?ssl=true\u0026authSource=admin\u0026replicaSet=atlas-y5qodj-shard-0",
                    "endpoints": [
                      {
                        "endpoint_id": "vpce-040f1165e3bb42b7f",
                        "provider_name": "AWS",
                        "region": "US_EAST_1"
                      }
                    ],
                    "srv_connection_string": "mongodb+srv://demo-cluster0-pl-0.uxs7t.mongodb.net",
                    "srv_shard_optimized_connection_string": "",
                    "type": "MONGOD"
                  }
                ],
                "private_srv": "",
                "standard": "mongodb://demo-cluster0-shard-00-00.uxs7t.mongodb.net:27017,demo-cluster0-shard-00-01.uxs7t.mongodb.net:27017,demo-cluster0-shard-00-02.uxs7t.mongodb.net:27017/?ssl=true\u0026authSource=admin\u0026replicaSet=atlas-y5qodj-shard-0",
                "standard_srv": "mongodb+srv://demo-cluster0.uxs7t.mongodb.net"
              }
            ],
            "create_date": "2023-09-07T20:13:04Z",
            "disk_size_gb": 16,
            "encryption_at_rest_provider": "NONE",
            "id": "64fa2ed0e0ed7e207b1a52d5",
            "labels": [],
            "mongo_db_major_version": "6.0",
            "mongo_db_version": "6.0.9",
            "name": "demo-cluster0",
            "paused": false,
            "pit_enabled": false,
            "project_id": "640264ac0b7bf303e9d136dc",
            "replication_specs": [
              {
                "container_id": {
                  "AWS:US_EAST_1": "643dfcb886760e508f6d850d"
                },
                "id": "64fa2ed0e0ed7e207b1a52ce",
                "num_shards": 1,
                "region_configs": [
                  {
                    "analytics_auto_scaling": [],
                    "analytics_specs": [
                      {
                        "disk_iops": 3000,
                        "ebs_volume_type": "STANDARD",
                        "instance_size": "M20",
                        "node_count": 0
                      }
                    ],
                    "auto_scaling": [
                      {
                        "compute_enabled": true,
                        "compute_max_instance_size": "M30",
                        "compute_min_instance_size": "M10",
                        "compute_scale_down_enabled": true,
                        "disk_gb_enabled": true
                      }
                    ],
                    "backing_provider_name": "",
                    "electable_specs": [
                      {
                        "disk_iops": 3000,
                        "ebs_volume_type": "STANDARD",
                        "instance_size": "M10",
                        "node_count": 3
                      }
                    ],
                    "priority": 7,
                    "provider_name": "AWS",
                    "read_only_specs": [
                      {
                        "disk_iops": 3000,
                        "ebs_volume_type": "STANDARD",
                        "instance_size": "M10",
                        "node_count": 0
                      }
                    ],
                    "region_name": "US_EAST_1"
                  }
                ],
                "zone_name": "ZoneName managed by Terraform"
              }
            ],
            "root_cert_type": "ISRGROOTX1",
            "state_name": "IDLE",
            "termination_protection_enabled": false,
            "version_release_system": "LTS"
          },
          "sensitive_attributes": []
        }
      ]
    },
    {
      "mode": "managed",
      "type": "aws_iam_instance_profile",
      "name": "ec2_ssm_instance_profile",
      "provider": "provider[\"registry.terraform.io/hashicorp/aws\"]",
      "instances": [
        {
          "schema_version": 0,
          "attributes": {
            "arn": "arn:aws:iam::960938931205:instance-profile/ec2_ssm_instance_profile",
            "create_date": "2023-09-12T00:26:55Z",
            "id": "ec2_ssm_instance_profile",
            "name": "ec2_ssm_instance_profile",
            "name_prefix": "",
            "path": "/",
            "role": "ec2_ssm_role",
            "tags": {},
            "tags_all": {},
            "unique_id": "AIPA57PDMOQC2KKYDCNCQ"
          },
          "sensitive_attributes": [],
          "private": "bnVsbA==",
          "dependencies": [
            "aws_iam_role.ec2-ssm-role"
          ]
        }
      ]
    },
    {
      "mode": "managed",
      "type": "aws_iam_role",
      "name": "ec2-ssm-role",
      "provider": "provider[\"registry.terraform.io/hashicorp/aws\"]",
      "instances": [
        {
          "schema_version": 0,
          "attributes": {
            "arn": "arn:aws:iam::960938931205:role/ec2_ssm_role",
            "assume_role_policy": "{\"Statement\":[{\"Action\":\"sts:AssumeRole\",\"Effect\":\"Allow\",\"Principal\":{\"Service\":\"ec2.amazonaws.com\"},\"Sid\":\"\"}],\"Version\":\"2012-10-17\"}",
            "create_date": "2023-09-12T00:26:55Z",
            "description": "",
            "force_detach_policies": false,
            "id": "ec2_ssm_role",
            "inline_policy": [],
            "managed_policy_arns": [
              "arn:aws:iam::aws:policy/AmazonSSMManagedInstanceCore"
            ],
            "max_session_duration": 3600,
            "name": "ec2_ssm_role",
            "name_prefix": "",
            "path": "/",
            "permissions_boundary": null,
            "tags": {},
            "tags_all": {},
            "unique_id": "AROA57PDMOQC6VZRXGLF4"
          },
          "sensitive_attributes": [],
          "private": "bnVsbA=="
        }
      ]
    },
    {
      "mode": "managed",
      "type": "aws_iam_role",
      "name": "lambda_permission",
      "provider": "provider[\"registry.terraform.io/hashicorp/aws\"]",
      "instances": [
        {
          "schema_version": 0,
          "attributes": {
            "arn": "arn:aws:iam::960938931205:role/atlas_lambda_permission",
            "assume_role_policy": "{\"Statement\":[{\"Action\":\"sts:AssumeRole\",\"Effect\":\"Allow\",\"Principal\":{\"Service\":\"lambda.amazonaws.com\"}}],\"Version\":\"2012-10-17\"}",
            "create_date": "2023-09-19T01:57:06Z",
            "description": "",
            "force_detach_policies": false,
            "id": "atlas_lambda_permission",
            "inline_policy": [],
            "managed_policy_arns": [
              "arn:aws:iam::aws:policy/service-role/AWSLambdaVPCAccessExecutionRole"
            ],
            "max_session_duration": 3600,
            "name": "atlas_lambda_permission",
            "name_prefix": "",
            "path": "/",
            "permissions_boundary": null,
            "tags": {},
            "tags_all": {},
            "unique_id": "AROA57PDMOQC3H56OTF5X"
          },
          "sensitive_attributes": [],
          "private": "bnVsbA==",
          "dependencies": [
            "data.aws_iam_policy_document.assume_role"
          ]
        }
      ]
    },
    {
      "mode": "managed",
      "type": "aws_iam_role_policy_attachment",
      "name": "AWSLambdaVPCAccessExecutionRole",
      "provider": "provider[\"registry.terraform.io/hashicorp/aws\"]",
      "instances": [
        {
          "schema_version": 0,
          "attributes": {
            "id": "atlas_lambda_permission-20230919020505802200000001",
            "policy_arn": "arn:aws:iam::aws:policy/service-role/AWSLambdaVPCAccessExecutionRole",
            "role": "atlas_lambda_permission"
          },
          "sensitive_attributes": [],
          "private": "bnVsbA==",
          "dependencies": [
            "aws_iam_role.lambda_permission",
            "data.aws_iam_policy_document.assume_role"
          ]
        }
      ]
    },
    {
      "mode": "managed",
      "type": "aws_iam_role_policy_attachment",
      "name": "ssm-policy-attachment",
      "provider": "provider[\"registry.terraform.io/hashicorp/aws\"]",
      "instances": [
        {
          "schema_version": 0,
          "attributes": {
            "id": "ec2_ssm_role-20230912002655653100000001",
            "policy_arn": "arn:aws:iam::aws:policy/AmazonSSMManagedInstanceCore",
            "role": "ec2_ssm_role"
          },
          "sensitive_attributes": [],
          "private": "bnVsbA==",
          "dependencies": [
            "aws_iam_role.ec2-ssm-role"
          ]
        }
      ]
    },
    {
      "mode": "managed",
      "type": "aws_instance",
      "name": "ec2-instance",
      "provider": "provider[\"registry.terraform.io/hashicorp/aws\"]",
      "instances": [
        {
          "schema_version": 1,
          "attributes": {
            "ami": "ami-0821e601b0426ccf5",
            "arn": "arn:aws:ec2:us-east-1:960938931205:instance/i-0084c7b9490245690",
            "associate_public_ip_address": true,
            "availability_zone": "us-east-1a",
            "capacity_reservation_specification": [
              {
                "capacity_reservation_preference": "open",
                "capacity_reservation_target": []
              }
            ],
            "cpu_core_count": 1,
            "cpu_options": [
              {
                "amd_sev_snp": "",
                "core_count": 1,
                "threads_per_core": 1
              }
            ],
            "cpu_threads_per_core": 1,
            "credit_specification": [
              {
                "cpu_credits": "standard"
              }
            ],
            "disable_api_stop": false,
            "disable_api_termination": false,
            "ebs_block_device": [],
            "ebs_optimized": false,
            "enclave_options": [
              {
                "enabled": false
              }
            ],
            "ephemeral_block_device": [],
            "get_password_data": false,
            "hibernation": false,
            "host_id": "",
            "host_resource_group_arn": null,
            "iam_instance_profile": "ec2_ssm_instance_profile",
            "id": "i-0084c7b9490245690",
            "instance_initiated_shutdown_behavior": "stop",
            "instance_lifecycle": "",
            "instance_market_options": [],
            "instance_state": "running",
            "instance_type": "t2.micro",
            "ipv6_address_count": 0,
            "ipv6_addresses": [],
            "key_name": "",
            "launch_template": [],
            "maintenance_options": [
              {
                "auto_recovery": "default"
              }
            ],
            "metadata_options": [
              {
                "http_endpoint": "enabled",
                "http_put_response_hop_limit": 1,
                "http_tokens": "optional",
                "instance_metadata_tags": "disabled"
              }
            ],
            "monitoring": false,
            "network_interface": [],
            "outpost_arn": "",
            "password_data": "",
            "placement_group": "",
            "placement_partition_number": 0,
            "primary_network_interface_id": "eni-07db138e7ea050b2c",
            "private_dns": "ip-10-30-1-193.ec2.internal",
            "private_dns_name_options": [
              {
                "enable_resource_name_dns_a_record": false,
                "enable_resource_name_dns_aaaa_record": false,
                "hostname_type": "ip-name"
              }
            ],
            "private_ip": "10.30.1.193",
            "public_dns": "ec2-107-22-13-136.compute-1.amazonaws.com",
            "public_ip": "107.22.13.136",
            "root_block_device": [
              {
                "delete_on_termination": true,
                "device_name": "/dev/xvda",
                "encrypted": false,
                "iops": 100,
                "kms_key_id": "",
                "tags": {},
                "throughput": 0,
                "volume_id": "vol-01e2ed37a34d2a9d0",
                "volume_size": 8,
                "volume_type": "gp2"
              }
            ],
            "secondary_private_ips": [],
            "security_groups": [],
            "source_dest_check": true,
            "spot_instance_request_id": "",
            "subnet_id": "subnet-003422557eb4cc2ea",
            "tags": {
              "Name": "pl-atlas-test"
            },
            "tags_all": {
              "Name": "pl-atlas-test"
            },
            "tenancy": "default",
            "timeouts": null,
            "user_data": null,
            "user_data_base64": null,
            "user_data_replace_on_change": false,
            "volume_tags": null,
            "vpc_security_group_ids": [
              "sg-0cd0cc6ad0aaa7a3c"
            ]
          },
          "sensitive_attributes": [],
          "private": "eyJlMmJmYjczMC1lY2FhLTExZTYtOGY4OC0zNDM2M2JjN2M0YzAiOnsiY3JlYXRlIjo2MDAwMDAwMDAwMDAsImRlbGV0ZSI6MTIwMDAwMDAwMDAwMCwidXBkYXRlIjo2MDAwMDAwMDAwMDB9LCJzY2hlbWFfdmVyc2lvbiI6IjEifQ==",
          "dependencies": [
            "aws_iam_instance_profile.ec2_ssm_instance_profile",
            "aws_iam_role.ec2-ssm-role",
            "aws_security_group.primary_default",
            "aws_subnet.primary-az1",
            "aws_vpc.primary",
            "data.aws_ami.amazon-linux-2"
          ]
        }
      ]
    },
    {
      "mode": "managed",
      "type": "aws_internet_gateway",
      "name": "primary",
      "provider": "provider[\"registry.terraform.io/hashicorp/aws\"]",
      "instances": [
        {
          "schema_version": 0,
          "attributes": {
            "arn": "arn:aws:ec2:us-east-1:960938931205:internet-gateway/igw-0b17c26a189f681c3",
            "id": "igw-0b17c26a189f681c3",
            "owner_id": "960938931205",
            "tags": {},
            "tags_all": {},
            "timeouts": null,
            "vpc_id": "vpc-0e8fb569706f5b5e6"
          },
          "sensitive_attributes": [],
          "private": "eyJlMmJmYjczMC1lY2FhLTExZTYtOGY4OC0zNDM2M2JjN2M0YzAiOnsiY3JlYXRlIjoxMjAwMDAwMDAwMDAwLCJkZWxldGUiOjEyMDAwMDAwMDAwMDAsInVwZGF0ZSI6MTIwMDAwMDAwMDAwMH19",
          "dependencies": [
            "aws_vpc.primary"
          ]
        }
      ]
    },
    {
      "mode": "managed",
      "type": "aws_lambda_function",
      "name": "atlas_lambda_demo",
      "provider": "provider[\"registry.terraform.io/hashicorp/aws\"]",
      "instances": [
        {
          "schema_version": 0,
          "attributes": {
            "architectures": [
              "x86_64"
            ],
            "arn": "arn:aws:lambda:us-east-1:960938931205:function:atlas_lambda_demo",
            "code_signing_config_arn": "",
            "dead_letter_config": [],
            "description": "",
            "environment": [],
            "ephemeral_storage": [
              {
                "size": 512
              }
            ],
            "file_system_config": [],
            "filename": "awslambda-demo/deployment.zip",
            "function_name": "atlas_lambda_demo",
            "handler": "index.lambda_handler",
            "id": "atlas_lambda_demo",
            "image_config": [],
            "image_uri": "",
            "invoke_arn": "arn:aws:apigateway:us-east-1:lambda:path/2015-03-31/functions/arn:aws:lambda:us-east-1:960938931205:function:atlas_lambda_demo/invocations",
            "kms_key_arn": "",
            "last_modified": "2023-09-19T02:19:33.141+0000",
            "layers": null,
            "memory_size": 128,
            "package_type": "Zip",
            "publish": false,
            "qualified_arn": "arn:aws:lambda:us-east-1:960938931205:function:atlas_lambda_demo:$LATEST",
            "qualified_invoke_arn": "arn:aws:apigateway:us-east-1:lambda:path/2015-03-31/functions/arn:aws:lambda:us-east-1:960938931205:function:atlas_lambda_demo:$LATEST/invocations",
            "replace_security_groups_on_destroy": null,
            "replacement_security_group_ids": null,
            "reserved_concurrent_executions": -1,
            "role": "arn:aws:iam::960938931205:role/atlas_lambda_permission",
            "runtime": "python3.8",
            "s3_bucket": null,
            "s3_key": null,
            "s3_object_version": null,
            "signing_job_arn": "",
            "signing_profile_version_arn": "",
            "skip_destroy": false,
            "snap_start": [],
            "source_code_hash": "bVgHM1dZuM4ms+2ym0sMDM80hPPmDxDdqZ+Ef8jFzlw=",
            "source_code_size": 2076750,
            "tags": null,
            "tags_all": {},
            "timeout": 3,
            "timeouts": null,
            "tracing_config": [
              {
                "mode": "PassThrough"
              }
            ],
            "version": "$LATEST",
            "vpc_config": [
              {
                "security_group_ids": [
                  "sg-0cd0cc6ad0aaa7a3c"
                ],
                "subnet_ids": [
                  "subnet-003422557eb4cc2ea",
                  "subnet-0ba32e8d12df3e763"
                ],
                "vpc_id": "vpc-0e8fb569706f5b5e6"
              }
            ]
          },
          "sensitive_attributes": [],
          "private": "eyJlMmJmYjczMC1lY2FhLTExZTYtOGY4OC0zNDM2M2JjN2M0YzAiOnsiY3JlYXRlIjo2MDAwMDAwMDAwMDAsImRlbGV0ZSI6NjAwMDAwMDAwMDAwLCJ1cGRhdGUiOjYwMDAwMDAwMDAwMH19",
          "dependencies": [
            "aws_iam_role.lambda_permission",
            "aws_security_group.primary_default",
            "aws_subnet.primary-az1",
            "aws_subnet.primary-az2"
          ]
        }
      ]
    },
    {
      "mode": "managed",
      "type": "aws_route",
      "name": "primary-internet_access",
      "provider": "provider[\"registry.terraform.io/hashicorp/aws\"]",
      "instances": [
        {
          "schema_version": 0,
          "attributes": {
            "carrier_gateway_id": "",
            "core_network_arn": "",
            "destination_cidr_block": "0.0.0.0/0",
            "destination_ipv6_cidr_block": "",
            "destination_prefix_list_id": "",
            "egress_only_gateway_id": "",
            "gateway_id": "igw-0b17c26a189f681c3",
            "id": "r-rtb-00f52ca5534852c321080289494",
            "instance_id": "",
            "instance_owner_id": "",
            "local_gateway_id": "",
            "nat_gateway_id": "",
            "network_interface_id": "",
            "origin": "CreateRoute",
            "route_table_id": "rtb-00f52ca5534852c32",
            "state": "active",
            "timeouts": null,
            "transit_gateway_id": "",
            "vpc_endpoint_id": "",
            "vpc_peering_connection_id": ""
          },
          "sensitive_attributes": [],
          "private": "eyJlMmJmYjczMC1lY2FhLTExZTYtOGY4OC0zNDM2M2JjN2M0YzAiOnsiY3JlYXRlIjozMDAwMDAwMDAwMDAsImRlbGV0ZSI6MzAwMDAwMDAwMDAwLCJ1cGRhdGUiOjEyMDAwMDAwMDAwMH19",
          "dependencies": [
            "aws_internet_gateway.primary",
            "aws_vpc.primary"
          ]
        }
      ]
    },
    {
      "mode": "managed",
      "type": "aws_security_group",
      "name": "primary_default",
      "provider": "provider[\"registry.terraform.io/hashicorp/aws\"]",
      "instances": [
        {
          "schema_version": 1,
          "attributes": {
            "arn": "arn:aws:ec2:us-east-1:960938931205:security-group/sg-0cd0cc6ad0aaa7a3c",
            "description": "Default security group for all instances in vpc-0e8fb569706f5b5e6",
            "egress": [
              {
                "cidr_blocks": [
                  "0.0.0.0/0"
                ],
                "description": "",
                "from_port": 0,
                "ipv6_cidr_blocks": [],
                "prefix_list_ids": [],
                "protocol": "-1",
                "security_groups": [],
                "self": false,
                "to_port": 0
              }
            ],
            "id": "sg-0cd0cc6ad0aaa7a3c",
            "ingress": [
              {
                "cidr_blocks": [
                  "0.0.0.0/0"
                ],
                "description": "",
                "from_port": 0,
                "ipv6_cidr_blocks": [],
                "prefix_list_ids": [],
                "protocol": "tcp",
                "security_groups": [],
                "self": false,
                "to_port": 0
              },
              {
                "cidr_blocks": [],
                "description": "",
                "from_port": 0,
                "ipv6_cidr_blocks": [],
                "prefix_list_ids": [],
                "protocol": "-1",
                "security_groups": [],
                "self": true,
                "to_port": 0
              }
            ],
            "name": "default-20230907201114637200000001",
            "name_prefix": "default-",
            "owner_id": "960938931205",
            "revoke_rules_on_delete": false,
            "tags": {},
            "tags_all": {},
            "timeouts": null,
            "vpc_id": "vpc-0e8fb569706f5b5e6"
          },
          "sensitive_attributes": [],
          "private": "eyJlMmJmYjczMC1lY2FhLTExZTYtOGY4OC0zNDM2M2JjN2M0YzAiOnsiY3JlYXRlIjo2MDAwMDAwMDAwMDAsImRlbGV0ZSI6OTAwMDAwMDAwMDAwfSwic2NoZW1hX3ZlcnNpb24iOiIxIn0=",
          "dependencies": [
            "aws_vpc.primary"
          ]
        }
      ]
    },
    {
      "mode": "managed",
      "type": "aws_subnet",
      "name": "primary-az1",
      "provider": "provider[\"registry.terraform.io/hashicorp/aws\"]",
      "instances": [
        {
          "schema_version": 1,
          "attributes": {
            "arn": "arn:aws:ec2:us-east-1:960938931205:subnet/subnet-003422557eb4cc2ea",
            "assign_ipv6_address_on_creation": false,
            "availability_zone": "us-east-1a",
            "availability_zone_id": "use1-az6",
            "cidr_block": "10.30.1.0/24",
            "customer_owned_ipv4_pool": "",
            "enable_dns64": false,
            "enable_lni_at_device_index": 0,
            "enable_resource_name_dns_a_record_on_launch": false,
            "enable_resource_name_dns_aaaa_record_on_launch": false,
            "id": "subnet-003422557eb4cc2ea",
            "ipv6_cidr_block": "",
            "ipv6_cidr_block_association_id": "",
            "ipv6_native": false,
            "map_customer_owned_ip_on_launch": false,
            "map_public_ip_on_launch": true,
            "outpost_arn": "",
            "owner_id": "960938931205",
            "private_dns_hostname_type_on_launch": "ip-name",
            "tags": {},
            "tags_all": {},
            "timeouts": null,
            "vpc_id": "vpc-0e8fb569706f5b5e6"
          },
          "sensitive_attributes": [],
          "private": "eyJlMmJmYjczMC1lY2FhLTExZTYtOGY4OC0zNDM2M2JjN2M0YzAiOnsiY3JlYXRlIjo2MDAwMDAwMDAwMDAsImRlbGV0ZSI6MTIwMDAwMDAwMDAwMH0sInNjaGVtYV92ZXJzaW9uIjoiMSJ9",
          "dependencies": [
            "aws_vpc.primary"
          ]
        }
      ]
    },
    {
      "mode": "managed",
      "type": "aws_subnet",
      "name": "primary-az2",
      "provider": "provider[\"registry.terraform.io/hashicorp/aws\"]",
      "instances": [
        {
          "schema_version": 1,
          "attributes": {
            "arn": "arn:aws:ec2:us-east-1:960938931205:subnet/subnet-0ba32e8d12df3e763",
            "assign_ipv6_address_on_creation": false,
            "availability_zone": "us-east-1b",
            "availability_zone_id": "use1-az1",
            "cidr_block": "10.30.2.0/24",
            "customer_owned_ipv4_pool": "",
            "enable_dns64": false,
            "enable_lni_at_device_index": 0,
            "enable_resource_name_dns_a_record_on_launch": false,
            "enable_resource_name_dns_aaaa_record_on_launch": false,
            "id": "subnet-0ba32e8d12df3e763",
            "ipv6_cidr_block": "",
            "ipv6_cidr_block_association_id": "",
            "ipv6_native": false,
            "map_customer_owned_ip_on_launch": false,
            "map_public_ip_on_launch": false,
            "outpost_arn": "",
            "owner_id": "960938931205",
            "private_dns_hostname_type_on_launch": "ip-name",
            "tags": {},
            "tags_all": {},
            "timeouts": null,
            "vpc_id": "vpc-0e8fb569706f5b5e6"
          },
          "sensitive_attributes": [],
          "private": "eyJlMmJmYjczMC1lY2FhLTExZTYtOGY4OC0zNDM2M2JjN2M0YzAiOnsiY3JlYXRlIjo2MDAwMDAwMDAwMDAsImRlbGV0ZSI6MTIwMDAwMDAwMDAwMH0sInNjaGVtYV92ZXJzaW9uIjoiMSJ9",
          "dependencies": [
            "aws_vpc.primary"
          ]
        }
      ]
    },
    {
      "mode": "managed",
      "type": "aws_vpc",
      "name": "primary",
      "provider": "provider[\"registry.terraform.io/hashicorp/aws\"]",
      "instances": [
        {
          "schema_version": 1,
          "attributes": {
            "arn": "arn:aws:ec2:us-east-1:960938931205:vpc/vpc-0e8fb569706f5b5e6",
            "assign_generated_ipv6_cidr_block": false,
            "cidr_block": "10.30.0.0/16",
            "default_network_acl_id": "acl-04bd571dcf8e06633",
            "default_route_table_id": "rtb-00f52ca5534852c32",
            "default_security_group_id": "sg-0f86554a34542a220",
            "dhcp_options_id": "dopt-7e7f9c18",
            "enable_dns_hostnames": true,
            "enable_dns_support": true,
            "enable_network_address_usage_metrics": false,
            "id": "vpc-0e8fb569706f5b5e6",
            "instance_tenancy": "default",
            "ipv4_ipam_pool_id": null,
            "ipv4_netmask_length": null,
            "ipv6_association_id": "",
            "ipv6_cidr_block": "",
            "ipv6_cidr_block_network_border_group": "",
            "ipv6_ipam_pool_id": "",
            "ipv6_netmask_length": 0,
            "main_route_table_id": "rtb-00f52ca5534852c32",
            "owner_id": "960938931205",
            "tags": {},
            "tags_all": {}
          },
          "sensitive_attributes": [],
          "private": "eyJzY2hlbWFfdmVyc2lvbiI6IjEifQ=="
        }
      ]
    },
    {
      "mode": "managed",
      "type": "aws_vpc_endpoint",
      "name": "ptfe_service",
      "provider": "provider[\"registry.terraform.io/hashicorp/aws\"]",
      "instances": [
        {
          "schema_version": 0,
          "attributes": {
            "arn": "arn:aws:ec2:us-east-1:960938931205:vpc-endpoint/vpce-040f1165e3bb42b7f",
            "auto_accept": null,
            "cidr_blocks": [],
            "dns_entry": [
              {
                "dns_name": "vpce-040f1165e3bb42b7f-070u9k48.vpce-svc-0ccabf0efab61bf2a.us-east-1.vpce.amazonaws.com",
                "hosted_zone_id": "Z7HUB22UULQXV"
              },
              {
                "dns_name": "vpce-040f1165e3bb42b7f-070u9k48-us-east-1a.vpce-svc-0ccabf0efab61bf2a.us-east-1.vpce.amazonaws.com",
                "hosted_zone_id": "Z7HUB22UULQXV"
              },
              {
                "dns_name": "vpce-040f1165e3bb42b7f-070u9k48-us-east-1b.vpce-svc-0ccabf0efab61bf2a.us-east-1.vpce.amazonaws.com",
                "hosted_zone_id": "Z7HUB22UULQXV"
              }
            ],
            "dns_options": [
              {
                "dns_record_ip_type": "ipv4",
                "private_dns_only_for_inbound_resolver_endpoint": false
              }
            ],
            "id": "vpce-040f1165e3bb42b7f",
            "ip_address_type": "ipv4",
            "network_interface_ids": [
              "eni-02800cb71da51abb0",
              "eni-0a2983f0b0d2dd77f"
            ],
            "owner_id": "960938931205",
            "policy": "{\"Statement\":[{\"Action\":\"*\",\"Effect\":\"Allow\",\"Principal\":\"*\",\"Resource\":\"*\"}]}",
            "prefix_list_id": null,
            "private_dns_enabled": false,
            "requester_managed": false,
            "route_table_ids": [],
            "security_group_ids": [
              "sg-0cd0cc6ad0aaa7a3c"
            ],
            "service_name": "com.amazonaws.vpce.us-east-1.vpce-svc-0ccabf0efab61bf2a",
            "state": "available",
            "subnet_ids": [
              "subnet-003422557eb4cc2ea",
              "subnet-0ba32e8d12df3e763"
            ],
            "tags": {},
            "tags_all": {},
            "timeouts": null,
            "vpc_endpoint_type": "Interface",
            "vpc_id": "vpc-0e8fb569706f5b5e6"
          },
          "sensitive_attributes": [],
          "private": "eyJlMmJmYjczMC1lY2FhLTExZTYtOGY4OC0zNDM2M2JjN2M0YzAiOnsiY3JlYXRlIjo2MDAwMDAwMDAwMDAsImRlbGV0ZSI6NjAwMDAwMDAwMDAwLCJ1cGRhdGUiOjYwMDAwMDAwMDAwMH19",
          "dependencies": [
            "aws_security_group.primary_default",
            "aws_subnet.primary-az1",
            "aws_subnet.primary-az2",
            "aws_vpc.primary",
            "mongodbatlas_privatelink_endpoint.atlaspl"
          ]
        }
      ]
    },
    {
      "mode": "managed",
      "type": "mongodbatlas_advanced_cluster",
      "name": "cluster-atlas",
      "provider": "provider[\"registry.terraform.io/mongodb/mongodbatlas\"]",
      "instances": [
        {
          "schema_version": 1,
          "attributes": {
            "advanced_configuration": [
              {
                "default_read_concern": "",
                "default_write_concern": "",
                "fail_index_key_too_long": false,
                "javascript_enabled": true,
                "minimum_enabled_tls_protocol": "TLS1_2",
                "no_table_scan": false,
                "oplog_min_retention_hours": 0,
                "oplog_size_mb": 0,
                "sample_refresh_interval_bi_connector": 0,
                "sample_size_bi_connector": 0
              }
            ],
            "backup_enabled": false,
            "bi_connector": [
              {
                "enabled": false,
                "read_preference": "secondary"
              }
            ],
            "bi_connector_config": [
              {
                "enabled": false,
                "read_preference": "secondary"
              }
            ],
            "cluster_id": "64fa2ed0e0ed7e207b1a52d5",
            "cluster_type": "REPLICASET",
            "connection_strings": [
              {
                "aws_private_link": {
                  "vpce-040f1165e3bb42b7f": "mongodb://pl-0-us-east-1.uxs7t.mongodb.net:1024,pl-0-us-east-1.uxs7t.mongodb.net:1025,pl-0-us-east-1.uxs7t.mongodb.net:1026/?ssl=true\u0026authSource=admin\u0026replicaSet=atlas-y5qodj-shard-0"
                },
                "aws_private_link_srv": {
                  "vpce-040f1165e3bb42b7f": "mongodb+srv://demo-cluster0-pl-0.uxs7t.mongodb.net"
                },
                "private": "",
                "private_endpoint": [
                  {
                    "connection_string": "mongodb://pl-0-us-east-1.uxs7t.mongodb.net:1024,pl-0-us-east-1.uxs7t.mongodb.net:1025,pl-0-us-east-1.uxs7t.mongodb.net:1026/?ssl=true\u0026authSource=admin\u0026replicaSet=atlas-y5qodj-shard-0",
                    "endpoints": [
                      {
                        "endpoint_id": "vpce-040f1165e3bb42b7f",
                        "provider_name": "AWS",
                        "region": "US_EAST_1"
                      }
                    ],
                    "srv_connection_string": "mongodb+srv://demo-cluster0-pl-0.uxs7t.mongodb.net",
                    "srv_shard_optimized_connection_string": "",
                    "type": "MONGOD"
                  }
                ],
                "private_srv": "",
                "standard": "mongodb://demo-cluster0-shard-00-00.uxs7t.mongodb.net:27017,demo-cluster0-shard-00-01.uxs7t.mongodb.net:27017,demo-cluster0-shard-00-02.uxs7t.mongodb.net:27017/?ssl=true\u0026authSource=admin\u0026replicaSet=atlas-y5qodj-shard-0",
                "standard_srv": "mongodb+srv://demo-cluster0.uxs7t.mongodb.net"
              }
            ],
            "create_date": "2023-09-07T20:13:04Z",
            "disk_size_gb": 16,
            "encryption_at_rest_provider": "NONE",
            "id": "Y2x1c3Rlcl9pZA==:NjRmYTJlZDBlMGVkN2UyMDdiMWE1MmQ1-Y2x1c3Rlcl9uYW1l:ZGVtby1jbHVzdGVyMA==-cHJvamVjdF9pZA==:NjQwMjY0YWMwYjdiZjMwM2U5ZDEzNmRj",
            "labels": [],
            "mongo_db_major_version": "6.0",
            "mongo_db_version": "6.0.9",
            "name": "demo-cluster0",
            "paused": false,
            "pit_enabled": false,
            "project_id": "640264ac0b7bf303e9d136dc",
            "replication_specs": [
              {
                "container_id": {
                  "AWS:US_EAST_1": "643dfcb886760e508f6d850d"
                },
                "id": "64fa2ed0e0ed7e207b1a52ce",
                "num_shards": 1,
                "region_configs": [
                  {
                    "analytics_auto_scaling": [],
                    "analytics_specs": [],
                    "auto_scaling": [
                      {
                        "compute_enabled": true,
                        "compute_max_instance_size": "M30",
                        "compute_min_instance_size": "M10",
                        "compute_scale_down_enabled": true,
                        "disk_gb_enabled": true
                      }
                    ],
                    "backing_provider_name": "",
                    "electable_specs": [
                      {
                        "disk_iops": 0,
                        "ebs_volume_type": "",
                        "instance_size": "M10",
                        "node_count": 3
                      }
                    ],
                    "priority": 7,
                    "provider_name": "AWS",
                    "read_only_specs": [],
                    "region_name": "US_EAST_1"
                  }
                ],
                "zone_name": "ZoneName managed by Terraform"
              }
            ],
            "retain_backups_enabled": false,
            "root_cert_type": "ISRGROOTX1",
            "state_name": "IDLE",
            "termination_protection_enabled": false,
            "timeouts": null,
            "version_release_system": "LTS"
          },
          "sensitive_attributes": [],
          "private": "eyJlMmJmYjczMC1lY2FhLTExZTYtOGY4OC0zNDM2M2JjN2M0YzAiOnsiY3JlYXRlIjoxMDgwMDAwMDAwMDAwMCwiZGVsZXRlIjoxMDgwMDAwMDAwMDAwMCwidXBkYXRlIjoxMDgwMDAwMDAwMDAwMH0sInNjaGVtYV92ZXJzaW9uIjoiMSJ9"
        }
      ]
    },
    {
      "mode": "managed",
      "type": "mongodbatlas_privatelink_endpoint",
      "name": "atlaspl",
      "provider": "provider[\"registry.terraform.io/mongodb/mongodbatlas\"]",
      "instances": [
        {
          "schema_version": 0,
          "attributes": {
            "endpoint_group_names": [],
            "endpoint_service_name": "com.amazonaws.vpce.us-east-1.vpce-svc-0ccabf0efab61bf2a",
            "error_message": "",
            "id": "cHJpdmF0ZV9saW5rX2lk:NjRmYTJlZDA0NDEwZGE2NTBiZjJjMjRl-cHJvamVjdF9pZA==:NjQwMjY0YWMwYjdiZjMwM2U5ZDEzNmRj-cHJvdmlkZXJfbmFtZQ==:QVdT-cmVnaW9u:dXMtZWFzdC0x",
            "interface_endpoints": [
              "vpce-040f1165e3bb42b7f"
            ],
            "private_endpoints": [],
            "private_link_id": "64fa2ed04410da650bf2c24e",
            "private_link_service_name": "",
            "private_link_service_resource_id": "",
            "project_id": "640264ac0b7bf303e9d136dc",
            "provider_name": "AWS",
            "region": "us-east-1",
            "region_name": "US_EAST_1",
            "service_attachment_names": [],
            "status": "AVAILABLE",
            "timeouts": null
          },
          "sensitive_attributes": [],
          "private": "eyJlMmJmYjczMC1lY2FhLTExZTYtOGY4OC0zNDM2M2JjN2M0YzAiOnsiY3JlYXRlIjozNjAwMDAwMDAwMDAwLCJkZWxldGUiOjM2MDAwMDAwMDAwMDB9fQ=="
        }
      ]
    },
    {
      "mode": "managed",
      "type": "mongodbatlas_privatelink_endpoint_service",
      "name": "atlaseplink",
      "provider": "provider[\"registry.terraform.io/mongodb/mongodbatlas\"]",
      "instances": [
        {
          "schema_version": 0,
          "attributes": {
            "aws_connection_status": "AVAILABLE",
            "azure_status": null,
            "delete_requested": false,
            "endpoint_group_name": null,
            "endpoint_service_id": "vpce-040f1165e3bb42b7f",
            "endpoints": [],
            "error_message": "",
            "gcp_project_id": null,
            "gcp_status": null,
            "id": "ZW5kcG9pbnRfc2VydmljZV9pZA==:dnBjZS0wNDBmMTE2NWUzYmI0MmI3Zg==-cHJpdmF0ZV9saW5rX2lk:NjRmYTJlZDA0NDEwZGE2NTBiZjJjMjRl-cHJvamVjdF9pZA==:NjQwMjY0YWMwYjdiZjMwM2U5ZDEzNmRj-cHJvdmlkZXJfbmFtZQ==:QVdT",
            "interface_endpoint_id": "vpce-040f1165e3bb42b7f",
            "private_endpoint_connection_name": "",
            "private_endpoint_ip_address": "",
            "private_endpoint_resource_id": "",
            "private_link_id": "cHJpdmF0ZV9saW5rX2lk:NjRmYTJlZDA0NDEwZGE2NTBiZjJjMjRl-cHJvamVjdF9pZA==:NjQwMjY0YWMwYjdiZjMwM2U5ZDEzNmRj-cHJvdmlkZXJfbmFtZQ==:QVdT-cmVnaW9u:dXMtZWFzdC0x",
            "project_id": "640264ac0b7bf303e9d136dc",
            "provider_name": "AWS",
            "timeouts": null
          },
          "sensitive_attributes": [],
          "private": "eyJlMmJmYjczMC1lY2FhLTExZTYtOGY4OC0zNDM2M2JjN2M0YzAiOnsiY3JlYXRlIjo3MjAwMDAwMDAwMDAwLCJkZWxldGUiOjcyMDAwMDAwMDAwMDB9fQ==",
          "dependencies": [
            "aws_security_group.primary_default",
            "aws_subnet.primary-az1",
            "aws_subnet.primary-az2",
            "aws_vpc.primary",
            "aws_vpc_endpoint.ptfe_service",
            "mongodbatlas_privatelink_endpoint.atlaspl"
          ]
        }
      ]
    }
  ],
  "check_results": null
}
