{
  "version": 4,
  "terraform_version": "1.5.7",
  "serial": 220,
  "lineage": "ef10f2de-dfec-8ca6-0d5e-c06ab28f0cb7",
  "outputs": {
    "atlasclusterstring": {
      "value": [
        {
          "aws_private_link": {
            "vpce-040f1165e3bb42b7f": "mongodb://pl-0-us-east-1.uxs7t.mongodb.net:1024,pl-0-us-east-1.uxs7t.mongodb.net:1025,pl-0-us-east-1.uxs7t.mongodb.net:1026/?ssl=true\u0026authSource=admin\u0026replicaSet=atlas-y5qodj-shard-0"
          },
          "aws_private_link_srv": {
            "vpce-040f1165e3bb42b7f": "mongodb+srv://demo-cluster0-pl-0.uxs7t.mongodb.net"
          },
          "private": "",
          "private_endpoint": [
            {
              "connection_string": "mongodb://pl-0-us-east-1.uxs7t.mongodb.net:1024,pl-0-us-east-1.uxs7t.mongodb.net:1025,pl-0-us-east-1.uxs7t.mongodb.net:1026/?ssl=true\u0026authSource=admin\u0026replicaSet=atlas-y5qodj-shard-0",
              "endpoints": [
                {
                  "endpoint_id": "vpce-040f1165e3bb42b7f",
                  "provider_name": "AWS",
                  "region": "US_EAST_1"
                }
              ],
              "srv_connection_string": "mongodb+srv://demo-cluster0-pl-0.uxs7t.mongodb.net",
              "srv_shard_optimized_connection_string": "",
              "type": "MONGOD"
            }
          ],
          "private_srv": "",
          "standard": "mongodb://demo-cluster0-shard-00-00.uxs7t.mongodb.net:27017,demo-cluster0-shard-00-01.uxs7t.mongodb.net:27017,demo-cluster0-shard-00-02.uxs7t.mongodb.net:27017/?ssl=true\u0026authSource=admin\u0026replicaSet=atlas-y5qodj-shard-0",
          "standard_srv": "mongodb+srv://demo-cluster0.uxs7t.mongodb.net"
        }
      ],
      "type": [
        "list",
        [
          "object",
          {
            "aws_private_link": [
              "map",
              "string"
            ],
            "aws_private_link_srv": [
              "map",
              "string"
            ],
            "private": "string",
            "private_endpoint": [
              "list",
              [
                "object",
                {
                  "connection_string": "string",
                  "endpoints": [
                    "list",
                    [
                      "object",
                      {
                        "endpoint_id": "string",
                        "provider_name": "string",
                        "region": "string"
                      }
                    ]
                  ],
                  "srv_connection_string": "string",
                  "srv_shard_optimized_connection_string": "string",
                  "type": "string"
                }
              ]
            ],
            "private_srv": "string",
            "standard": "string",
            "standard_srv": "string"
          }
        ]
      ]
    },
    "plstring": {
      "value": "mongodb+srv://demo-cluster0-pl-0.uxs7t.mongodb.net",
      "type": "string"
    }
  },
  "resources": [
    {
      "mode": "managed",
      "type": "mongodbatlas_privatelink_endpoint_service",
      "name": "atlaseplink",
      "provider": "provider[\"registry.terraform.io/mongodb/mongodbatlas\"]",
      "instances": [
        {
          "schema_version": 0,
          "attributes": {
            "aws_connection_status": "AVAILABLE",
            "azure_status": null,
            "delete_requested": false,
            "endpoint_group_name": null,
            "endpoint_service_id": "vpce-040f1165e3bb42b7f",
            "endpoints": [],
            "error_message": "",
            "gcp_project_id": null,
            "gcp_status": null,
            "id": "ZW5kcG9pbnRfc2VydmljZV9pZA==:dnBjZS0wNDBmMTE2NWUzYmI0MmI3Zg==-cHJpdmF0ZV9saW5rX2lk:NjRmYTJlZDA0NDEwZGE2NTBiZjJjMjRl-cHJvamVjdF9pZA==:NjQwMjY0YWMwYjdiZjMwM2U5ZDEzNmRj-cHJvdmlkZXJfbmFtZQ==:QVdT",
            "interface_endpoint_id": "vpce-040f1165e3bb42b7f",
            "private_endpoint_connection_name": "",
            "private_endpoint_ip_address": "",
            "private_endpoint_resource_id": "",
            "private_link_id": "cHJpdmF0ZV9saW5rX2lk:NjRmYTJlZDA0NDEwZGE2NTBiZjJjMjRl-cHJvamVjdF9pZA==:NjQwMjY0YWMwYjdiZjMwM2U5ZDEzNmRj-cHJvdmlkZXJfbmFtZQ==:QVdT-cmVnaW9u:dXMtZWFzdC0x",
            "project_id": "640264ac0b7bf303e9d136dc",
            "provider_name": "AWS",
            "timeouts": null
          },
          "sensitive_attributes": [],
          "private": "eyJlMmJmYjczMC1lY2FhLTExZTYtOGY4OC0zNDM2M2JjN2M0YzAiOnsiY3JlYXRlIjo3MjAwMDAwMDAwMDAwLCJkZWxldGUiOjcyMDAwMDAwMDAwMDB9fQ==",
          "dependencies": [
            "aws_security_group.primary_default",
            "aws_subnet.primary-az1",
            "aws_subnet.primary-az2",
            "aws_vpc.primary",
            "aws_vpc_endpoint.ptfe_service",
            "mongodbatlas_privatelink_endpoint.atlaspl"
          ]
        }
      ]
    }
  ],
  "check_results": null
}
