{
  "version": 4,
  "terraform_version": "1.5.7",
  "serial": 26,
  "lineage": "a8601ffa-f0bb-d363-b494-f8bad50e0ba0",
  "outputs": {},
  "resources": [
    {
      "module": "module.app-dev",
      "mode": "data",
      "type": "aws_ami",
      "name": "amazon-linux-2",
      "provider": "provider[\"registry.terraform.io/hashicorp/aws\"]",
      "instances": [
        {
          "schema_version": 0,
          "attributes": {
            "architecture": "x86_64",
            "arn": "arn:aws:ec2:us-east-1::image/ami-098143f68772b34f5",
            "block_device_mappings": [
              {
                "device_name": "/dev/xvda",
                "ebs": {
                  "delete_on_termination": "true",
                  "encrypted": "false",
                  "iops": "0",
                  "snapshot_id": "snap-0fcea62414588dc3c",
                  "throughput": "0",
                  "volume_size": "8",
                  "volume_type": "gp2"
                },
                "no_device": "",
                "virtual_name": ""
              }
            ],
            "boot_mode": "",
            "creation_date": "2023-09-12T23:50:04.000Z",
            "deprecation_time": "2025-07-01T00:00:00.000Z",
            "description": "Amazon Linux 2 AMI 2.0.20230912.0 x86_64 HVM gp2",
            "ena_support": true,
            "executable_users": null,
            "filter": [
              {
                "name": "name",
                "values": [
                  "amzn2-ami-hvm*"
                ]
              },
              {
                "name": "owner-alias",
                "values": [
                  "amazon"
                ]
              }
            ],
            "hypervisor": "xen",
            "id": "ami-098143f68772b34f5",
            "image_id": "ami-098143f68772b34f5",
            "image_location": "amazon/amzn2-ami-hvm-2.0.20230912.0-x86_64-gp2",
            "image_owner_alias": "amazon",
            "image_type": "machine",
            "imds_support": "",
            "include_deprecated": false,
            "kernel_id": "",
            "most_recent": true,
            "name": "amzn2-ami-hvm-2.0.20230912.0-x86_64-gp2",
            "name_regex": null,
            "owner_id": "137112412989",
            "owners": [
              "amazon"
            ],
            "platform": "",
            "platform_details": "Linux/UNIX",
            "product_codes": [],
            "public": true,
            "ramdisk_id": "",
            "root_device_name": "/dev/xvda",
            "root_device_type": "ebs",
            "root_snapshot_id": "snap-0fcea62414588dc3c",
            "sriov_net_support": "simple",
            "state": "available",
            "state_reason": {
              "code": "UNSET",
              "message": "UNSET"
            },
            "tags": {},
            "timeouts": null,
            "tpm_support": "",
            "usage_operation": "RunInstances",
            "virtualization_type": "hvm"
          },
          "sensitive_attributes": []
        }
      ]
    },
    {
      "module": "module.app-dev",
      "mode": "data",
      "type": "aws_iam_policy_document",
      "name": "assume_role",
      "provider": "provider[\"registry.terraform.io/hashicorp/aws\"]",
      "instances": [
        {
          "schema_version": 0,
          "attributes": {
            "id": "2690255455",
            "json": "{\n  \"Version\": \"2012-10-17\",\n  \"Statement\": [\n    {\n      \"Effect\": \"Allow\",\n      \"Action\": \"sts:AssumeRole\",\n      \"Principal\": {\n        \"Service\": \"lambda.amazonaws.com\"\n      }\n    }\n  ]\n}",
            "override_policy_documents": null,
            "policy_id": null,
            "source_policy_documents": null,
            "statement": [
              {
                "actions": [
                  "sts:AssumeRole"
                ],
                "condition": [],
                "effect": "Allow",
                "not_actions": [],
                "not_principals": [],
                "not_resources": [],
                "principals": [
                  {
                    "identifiers": [
                      "lambda.amazonaws.com"
                    ],
                    "type": "Service"
                  }
                ],
                "resources": [],
                "sid": ""
              }
            ],
            "version": "2012-10-17"
          },
          "sensitive_attributes": []
        }
      ]
    },
    {
      "module": "module.app-dev",
      "mode": "managed",
      "type": "aws_iam_instance_profile",
      "name": "ec2_ssm_instance_profile",
      "provider": "provider[\"registry.terraform.io/hashicorp/aws\"]",
      "instances": [
        {
          "schema_version": 0,
          "attributes": {
            "arn": "arn:aws:iam::655848829540:instance-profile/ec2_ssm_instance_profile",
            "create_date": "2023-09-26T03:43:24Z",
            "id": "ec2_ssm_instance_profile",
            "name": "ec2_ssm_instance_profile",
            "name_prefix": "",
            "path": "/",
            "role": "dev_ec2_ssm_role",
            "tags": null,
            "tags_all": {},
            "unique_id": "AIPAZRM5C6JSO2TZK5TEW"
          },
          "sensitive_attributes": [],
          "private": "bnVsbA==",
          "dependencies": [
            "module.app-dev.aws_iam_role.ec2-ssm-role"
          ]
        }
      ]
    },
    {
      "module": "module.app-dev",
      "mode": "managed",
      "type": "aws_iam_role",
      "name": "ec2-ssm-role",
      "provider": "provider[\"registry.terraform.io/hashicorp/aws\"]",
      "instances": [
        {
          "schema_version": 0,
          "attributes": {
            "arn": "arn:aws:iam::655848829540:role/dev_ec2_ssm_role",
            "assume_role_policy": "{\"Statement\":[{\"Action\":\"sts:AssumeRole\",\"Effect\":\"Allow\",\"Principal\":{\"Service\":\"ec2.amazonaws.com\"},\"Sid\":\"\"}],\"Version\":\"2012-10-17\"}",
            "create_date": "2023-09-26T03:43:24Z",
            "description": "",
            "force_detach_policies": false,
            "id": "dev_ec2_ssm_role",
            "inline_policy": [],
            "managed_policy_arns": [],
            "max_session_duration": 3600,
            "name": "dev_ec2_ssm_role",
            "name_prefix": "",
            "path": "/",
            "permissions_boundary": null,
            "tags": null,
            "tags_all": {},
            "unique_id": "AROAZRM5C6JSJWR6U35FM"
          },
          "sensitive_attributes": [],
          "private": "bnVsbA=="
        }
      ]
    },
    {
      "module": "module.app-dev",
      "mode": "managed",
      "type": "aws_iam_role",
      "name": "lambda_permission",
      "provider": "provider[\"registry.terraform.io/hashicorp/aws\"]",
      "instances": [
        {
          "schema_version": 0,
          "attributes": {
            "arn": "arn:aws:iam::655848829540:role/dev-atlas_lambda_permission",
            "assume_role_policy": "{\"Statement\":[{\"Action\":\"sts:AssumeRole\",\"Effect\":\"Allow\",\"Principal\":{\"Service\":\"lambda.amazonaws.com\"}}],\"Version\":\"2012-10-17\"}",
            "create_date": "2023-09-26T03:43:24Z",
            "description": "",
            "force_detach_policies": false,
            "id": "dev-atlas_lambda_permission",
            "inline_policy": [],
            "managed_policy_arns": [],
            "max_session_duration": 3600,
            "name": "dev-atlas_lambda_permission",
            "name_prefix": "",
            "path": "/",
            "permissions_boundary": null,
            "tags": null,
            "tags_all": {},
            "unique_id": "AROAZRM5C6JSBW7DX46CO"
          },
          "sensitive_attributes": [],
          "private": "bnVsbA==",
          "dependencies": [
            "module.app-dev.data.aws_iam_policy_document.assume_role"
          ]
        }
      ]
    },
    {
      "module": "module.app-dev",
      "mode": "managed",
      "type": "aws_iam_role_policy_attachment",
      "name": "AWSLambdaVPCAccessExecutionRole",
      "provider": "provider[\"registry.terraform.io/hashicorp/aws\"]",
      "instances": [
        {
          "schema_version": 0,
          "attributes": {
            "id": "dev-atlas_lambda_permission-20230926034324306900000002",
            "policy_arn": "arn:aws:iam::aws:policy/service-role/AWSLambdaVPCAccessExecutionRole",
            "role": "dev-atlas_lambda_permission"
          },
          "sensitive_attributes": [],
          "private": "bnVsbA==",
          "dependencies": [
            "module.app-dev.aws_iam_role.lambda_permission",
            "module.app-dev.data.aws_iam_policy_document.assume_role"
          ]
        }
      ]
    },
    {
      "module": "module.app-dev",
      "mode": "managed",
      "type": "aws_iam_role_policy_attachment",
      "name": "ssm-policy-attachment",
      "provider": "provider[\"registry.terraform.io/hashicorp/aws\"]",
      "instances": [
        {
          "schema_version": 0,
          "attributes": {
            "id": "dev_ec2_ssm_role-20230926034324305100000001",
            "policy_arn": "arn:aws:iam::aws:policy/AmazonSSMManagedInstanceCore",
            "role": "dev_ec2_ssm_role"
          },
          "sensitive_attributes": [],
          "private": "bnVsbA==",
          "dependencies": [
            "module.app-dev.aws_iam_role.ec2-ssm-role"
          ]
        }
      ]
    },
    {
      "module": "module.app-dev",
      "mode": "managed",
      "type": "aws_instance",
      "name": "ec2-instance",
      "provider": "provider[\"registry.terraform.io/hashicorp/aws\"]",
      "instances": [
        {
          "schema_version": 1,
          "attributes": {
            "ami": "ami-098143f68772b34f5",
            "arn": "arn:aws:ec2:us-east-1:655848829540:instance/i-02dd20f1250f99717",
            "associate_public_ip_address": true,
            "availability_zone": "us-east-1a",
            "capacity_reservation_specification": [
              {
                "capacity_reservation_preference": "open",
                "capacity_reservation_target": []
              }
            ],
            "cpu_core_count": 1,
            "cpu_options": [
              {
                "amd_sev_snp": "",
                "core_count": 1,
                "threads_per_core": 1
              }
            ],
            "cpu_threads_per_core": 1,
            "credit_specification": [
              {
                "cpu_credits": "standard"
              }
            ],
            "disable_api_stop": false,
            "disable_api_termination": false,
            "ebs_block_device": [],
            "ebs_optimized": false,
            "enclave_options": [
              {
                "enabled": false
              }
            ],
            "ephemeral_block_device": [],
            "get_password_data": false,
            "hibernation": false,
            "host_id": "",
            "host_resource_group_arn": null,
            "iam_instance_profile": "ec2_ssm_instance_profile",
            "id": "i-02dd20f1250f99717",
            "instance_initiated_shutdown_behavior": "stop",
            "instance_lifecycle": "",
            "instance_market_options": [],
            "instance_state": "running",
            "instance_type": "t2.micro",
            "ipv6_address_count": 0,
            "ipv6_addresses": [],
            "key_name": "",
            "launch_template": [],
            "maintenance_options": [
              {
                "auto_recovery": "default"
              }
            ],
            "metadata_options": [
              {
                "http_endpoint": "enabled",
                "http_protocol_ipv6": "disabled",
                "http_put_response_hop_limit": 1,
                "http_tokens": "optional",
                "instance_metadata_tags": "disabled"
              }
            ],
            "monitoring": false,
            "network_interface": [],
            "outpost_arn": "",
            "password_data": "",
            "placement_group": "",
            "placement_partition_number": 0,
            "primary_network_interface_id": "eni-0e44cff873ddd271b",
            "private_dns": "ip-10-30-2-52.ec2.internal",
            "private_dns_name_options": [
              {
                "enable_resource_name_dns_a_record": false,
                "enable_resource_name_dns_aaaa_record": false,
                "hostname_type": "ip-name"
              }
            ],
            "private_ip": "10.30.2.52",
            "public_dns": "ec2-3-95-31-99.compute-1.amazonaws.com",
            "public_ip": "3.95.31.99",
            "root_block_device": [
              {
                "delete_on_termination": true,
                "device_name": "/dev/xvda",
                "encrypted": false,
                "iops": 100,
                "kms_key_id": "",
                "tags": {},
                "throughput": 0,
                "volume_id": "vol-09caa4e0ff10807aa",
                "volume_size": 8,
                "volume_type": "gp2"
              }
            ],
            "secondary_private_ips": [],
            "security_groups": [],
            "source_dest_check": true,
            "spot_instance_request_id": "",
            "subnet_id": "subnet-03a4b3d916f2e37d5",
            "tags": {
              "Name": "atlas-dev",
              "WhatIsThis": "https://wiki.corp.mongodb.com/display/SEC/Auto+Tagging",
              "creationTime": "2023-09-26T03:43:35Z",
              "creator": "gefter.chongong@mongodb.com",
              "creatorIAMRole": "AWSReservedSSO_TS-Team.PowerUser-Limited-IAM_e51045f99ce56ba4"
            },
            "tags_all": {
              "Name": "atlas-dev",
              "WhatIsThis": "https://wiki.corp.mongodb.com/display/SEC/Auto+Tagging",
              "creationTime": "2023-09-26T03:43:35Z",
              "creator": "gefter.chongong@mongodb.com",
              "creatorIAMRole": "AWSReservedSSO_TS-Team.PowerUser-Limited-IAM_e51045f99ce56ba4"
            },
            "tenancy": "default",
            "timeouts": null,
            "user_data": null,
            "user_data_base64": null,
            "user_data_replace_on_change": false,
            "volume_tags": null,
            "vpc_security_group_ids": [
              "sg-0837c35323873513a"
            ]
          },
          "sensitive_attributes": [],
          "private": "eyJlMmJmYjczMC1lY2FhLTExZTYtOGY4OC0zNDM2M2JjN2M0YzAiOnsiY3JlYXRlIjo2MDAwMDAwMDAwMDAsImRlbGV0ZSI6MTIwMDAwMDAwMDAwMCwidXBkYXRlIjo2MDAwMDAwMDAwMDB9LCJzY2hlbWFfdmVyc2lvbiI6IjEifQ==",
          "dependencies": [
            "module.app-dev.aws_iam_instance_profile.ec2_ssm_instance_profile",
            "module.app-dev.aws_iam_role.ec2-ssm-role",
            "module.app-dev.aws_security_group.primary_default",
            "module.app-dev.aws_subnet.primary-az1",
            "module.app-dev.data.aws_ami.amazon-linux-2"
          ]
        }
      ]
    },
    {
      "module": "module.app-dev",
      "mode": "managed",
      "type": "aws_internet_gateway",
      "name": "primary",
      "provider": "provider[\"registry.terraform.io/hashicorp/aws\"]",
      "instances": [
        {
          "schema_version": 0,
          "attributes": {
            "arn": "arn:aws:ec2:us-east-1:655848829540:internet-gateway/igw-099b6bf84b2189ecc",
            "id": "igw-099b6bf84b2189ecc",
            "owner_id": "655848829540",
            "tags": {},
            "tags_all": {},
            "timeouts": null,
            "vpc_id": "vpc-04732f1ddb15b6a69"
          },
          "sensitive_attributes": [],
          "private": "eyJlMmJmYjczMC1lY2FhLTExZTYtOGY4OC0zNDM2M2JjN2M0YzAiOnsiY3JlYXRlIjoxMjAwMDAwMDAwMDAwLCJkZWxldGUiOjEyMDAwMDAwMDAwMDAsInVwZGF0ZSI6MTIwMDAwMDAwMDAwMH19",
          "dependencies": [
            "module.app-dev.aws_vpc.primary"
          ]
        }
      ]
    },
    {
      "module": "module.app-dev",
      "mode": "managed",
      "type": "aws_route",
      "name": "primary-internet_access",
      "provider": "provider[\"registry.terraform.io/hashicorp/aws\"]",
      "instances": [
        {
          "schema_version": 0,
          "attributes": {
            "carrier_gateway_id": "",
            "core_network_arn": "",
            "destination_cidr_block": "0.0.0.0/0",
            "destination_ipv6_cidr_block": "",
            "destination_prefix_list_id": "",
            "egress_only_gateway_id": "",
            "gateway_id": "igw-099b6bf84b2189ecc",
            "id": "r-rtb-0e6245a961482147c1080289494",
            "instance_id": "",
            "instance_owner_id": "",
            "local_gateway_id": "",
            "nat_gateway_id": "",
            "network_interface_id": "",
            "origin": "CreateRoute",
            "route_table_id": "rtb-0e6245a961482147c",
            "state": "active",
            "timeouts": null,
            "transit_gateway_id": "",
            "vpc_endpoint_id": "",
            "vpc_peering_connection_id": ""
          },
          "sensitive_attributes": [],
          "private": "eyJlMmJmYjczMC1lY2FhLTExZTYtOGY4OC0zNDM2M2JjN2M0YzAiOnsiY3JlYXRlIjozMDAwMDAwMDAwMDAsImRlbGV0ZSI6MzAwMDAwMDAwMDAwLCJ1cGRhdGUiOjEyMDAwMDAwMDAwMH19",
          "dependencies": [
            "module.app-dev.aws_internet_gateway.primary",
            "module.app-dev.aws_vpc.primary"
          ]
        }
      ]
    },
    {
      "module": "module.app-dev",
      "mode": "managed",
      "type": "aws_security_group",
      "name": "primary_default",
      "provider": "provider[\"registry.terraform.io/hashicorp/aws\"]",
      "instances": [
        {
          "schema_version": 1,
          "attributes": {
            "arn": "arn:aws:ec2:us-east-1:655848829540:security-group/sg-0837c35323873513a",
            "description": "Default security group for all instances in vpc-04732f1ddb15b6a69",
            "egress": [
              {
                "cidr_blocks": [
                  "0.0.0.0/0"
                ],
                "description": "",
                "from_port": 0,
                "ipv6_cidr_blocks": [],
                "prefix_list_ids": [],
                "protocol": "-1",
                "security_groups": [],
                "self": false,
                "to_port": 0
              }
            ],
            "id": "sg-0837c35323873513a",
            "ingress": [
              {
                "cidr_blocks": [
                  "0.0.0.0/0"
                ],
                "description": "",
                "from_port": 0,
                "ipv6_cidr_blocks": [],
                "prefix_list_ids": [],
                "protocol": "tcp",
                "security_groups": [],
                "self": false,
                "to_port": 0
              },
              {
                "cidr_blocks": [],
                "description": "",
                "from_port": 0,
                "ipv6_cidr_blocks": [],
                "prefix_list_ids": [],
                "protocol": "-1",
                "security_groups": [],
                "self": true,
                "to_port": 0
              }
            ],
            "name": "default-20230926030427331700000001",
            "name_prefix": "default-",
            "owner_id": "655848829540",
            "revoke_rules_on_delete": false,
            "tags": {},
            "tags_all": {},
            "timeouts": null,
            "vpc_id": "vpc-04732f1ddb15b6a69"
          },
          "sensitive_attributes": [],
          "private": "eyJlMmJmYjczMC1lY2FhLTExZTYtOGY4OC0zNDM2M2JjN2M0YzAiOnsiY3JlYXRlIjo2MDAwMDAwMDAwMDAsImRlbGV0ZSI6OTAwMDAwMDAwMDAwfSwic2NoZW1hX3ZlcnNpb24iOiIxIn0=",
          "dependencies": [
            "module.app-dev.aws_vpc.primary"
          ]
        }
      ]
    },
    {
      "module": "module.app-dev",
      "mode": "managed",
      "type": "aws_subnet",
      "name": "primary-az1",
      "provider": "provider[\"registry.terraform.io/hashicorp/aws\"]",
      "instances": [
        {
          "schema_version": 1,
          "attributes": {
            "arn": "arn:aws:ec2:us-east-1:655848829540:subnet/subnet-03a4b3d916f2e37d5",
            "assign_ipv6_address_on_creation": false,
            "availability_zone": "us-east-1a",
            "availability_zone_id": "use1-az2",
            "cidr_block": "10.30.2.0/24",
            "customer_owned_ipv4_pool": "",
            "enable_dns64": false,
            "enable_lni_at_device_index": 0,
            "enable_resource_name_dns_a_record_on_launch": false,
            "enable_resource_name_dns_aaaa_record_on_launch": false,
            "id": "subnet-03a4b3d916f2e37d5",
            "ipv6_cidr_block": "",
            "ipv6_cidr_block_association_id": "",
            "ipv6_native": false,
            "map_customer_owned_ip_on_launch": false,
            "map_public_ip_on_launch": true,
            "outpost_arn": "",
            "owner_id": "655848829540",
            "private_dns_hostname_type_on_launch": "ip-name",
            "tags": {},
            "tags_all": {},
            "timeouts": null,
            "vpc_id": "vpc-04732f1ddb15b6a69"
          },
          "sensitive_attributes": [],
          "private": "eyJlMmJmYjczMC1lY2FhLTExZTYtOGY4OC0zNDM2M2JjN2M0YzAiOnsiY3JlYXRlIjo2MDAwMDAwMDAwMDAsImRlbGV0ZSI6MTIwMDAwMDAwMDAwMH0sInNjaGVtYV92ZXJzaW9uIjoiMSJ9",
          "dependencies": [
            "module.app-dev.aws_vpc.primary"
          ]
        }
      ]
    },
    {
      "module": "module.app-dev",
      "mode": "managed",
      "type": "aws_subnet",
      "name": "primary-az2",
      "provider": "provider[\"registry.terraform.io/hashicorp/aws\"]",
      "instances": [
        {
          "schema_version": 1,
          "attributes": {
            "arn": "arn:aws:ec2:us-east-1:655848829540:subnet/subnet-059b9bf84e91136b5",
            "assign_ipv6_address_on_creation": false,
            "availability_zone": "us-east-1b",
            "availability_zone_id": "use1-az4",
            "cidr_block": "10.30.1.0/24",
            "customer_owned_ipv4_pool": "",
            "enable_dns64": false,
            "enable_lni_at_device_index": 0,
            "enable_resource_name_dns_a_record_on_launch": false,
            "enable_resource_name_dns_aaaa_record_on_launch": false,
            "id": "subnet-059b9bf84e91136b5",
            "ipv6_cidr_block": "",
            "ipv6_cidr_block_association_id": "",
            "ipv6_native": false,
            "map_customer_owned_ip_on_launch": false,
            "map_public_ip_on_launch": false,
            "outpost_arn": "",
            "owner_id": "655848829540",
            "private_dns_hostname_type_on_launch": "ip-name",
            "tags": {},
            "tags_all": {},
            "timeouts": null,
            "vpc_id": "vpc-04732f1ddb15b6a69"
          },
          "sensitive_attributes": [],
          "private": "eyJlMmJmYjczMC1lY2FhLTExZTYtOGY4OC0zNDM2M2JjN2M0YzAiOnsiY3JlYXRlIjo2MDAwMDAwMDAwMDAsImRlbGV0ZSI6MTIwMDAwMDAwMDAwMH0sInNjaGVtYV92ZXJzaW9uIjoiMSJ9",
          "dependencies": [
            "module.app-dev.aws_vpc.primary"
          ]
        }
      ]
    },
    {
      "module": "module.app-dev",
      "mode": "managed",
      "type": "aws_vpc",
      "name": "primary",
      "provider": "provider[\"registry.terraform.io/hashicorp/aws\"]",
      "instances": [
        {
          "schema_version": 1,
          "attributes": {
            "arn": "arn:aws:ec2:us-east-1:655848829540:vpc/vpc-04732f1ddb15b6a69",
            "assign_generated_ipv6_cidr_block": false,
            "cidr_block": "10.30.0.0/16",
            "default_network_acl_id": "acl-0c6fce0fc56a92900",
            "default_route_table_id": "rtb-0e6245a961482147c",
            "default_security_group_id": "sg-033389edefb407414",
            "dhcp_options_id": "dopt-51fa002b",
            "enable_dns_hostnames": true,
            "enable_dns_support": true,
            "enable_network_address_usage_metrics": false,
            "id": "vpc-04732f1ddb15b6a69",
            "instance_tenancy": "default",
            "ipv4_ipam_pool_id": null,
            "ipv4_netmask_length": null,
            "ipv6_association_id": "",
            "ipv6_cidr_block": "",
            "ipv6_cidr_block_network_border_group": "",
            "ipv6_ipam_pool_id": "",
            "ipv6_netmask_length": 0,
            "main_route_table_id": "rtb-0e6245a961482147c",
            "owner_id": "655848829540",
            "tags": {},
            "tags_all": {}
          },
          "sensitive_attributes": [],
          "private": "eyJzY2hlbWFfdmVyc2lvbiI6IjEifQ=="
        }
      ]
    },
    {
      "module": "module.app-dev",
      "mode": "managed",
      "type": "aws_vpc_endpoint",
      "name": "ptfe_service",
      "provider": "provider[\"registry.terraform.io/hashicorp/aws\"]",
      "instances": [
        {
          "schema_version": 0,
          "attributes": {
            "arn": "arn:aws:ec2:us-east-1:655848829540:vpc-endpoint/vpce-03c1c1ffd94fe9515",
            "auto_accept": null,
            "cidr_blocks": [],
            "dns_entry": [
              {
                "dns_name": "vpce-03c1c1ffd94fe9515-8o0qatwt.vpce-svc-0d5652cf1e30b074c.us-east-1.vpce.amazonaws.com",
                "hosted_zone_id": "Z7HUB22UULQXV"
              },
              {
                "dns_name": "vpce-03c1c1ffd94fe9515-8o0qatwt-us-east-1b.vpce-svc-0d5652cf1e30b074c.us-east-1.vpce.amazonaws.com",
                "hosted_zone_id": "Z7HUB22UULQXV"
              },
              {
                "dns_name": "vpce-03c1c1ffd94fe9515-8o0qatwt-us-east-1a.vpce-svc-0d5652cf1e30b074c.us-east-1.vpce.amazonaws.com",
                "hosted_zone_id": "Z7HUB22UULQXV"
              }
            ],
            "dns_options": [
              {
                "dns_record_ip_type": "ipv4",
                "private_dns_only_for_inbound_resolver_endpoint": false
              }
            ],
            "id": "vpce-03c1c1ffd94fe9515",
            "ip_address_type": "ipv4",
            "network_interface_ids": [
              "eni-03493a91ac09861d7",
              "eni-0c8c3987fec73c782"
            ],
            "owner_id": "655848829540",
            "policy": "{\"Statement\":[{\"Action\":\"*\",\"Effect\":\"Allow\",\"Principal\":\"*\",\"Resource\":\"*\"}]}",
            "prefix_list_id": null,
            "private_dns_enabled": false,
            "requester_managed": false,
            "route_table_ids": [],
            "security_group_ids": [
              "sg-0837c35323873513a"
            ],
            "service_name": "com.amazonaws.vpce.us-east-1.vpce-svc-0d5652cf1e30b074c",
            "state": "available",
            "subnet_ids": [
              "subnet-03a4b3d916f2e37d5",
              "subnet-059b9bf84e91136b5"
            ],
            "tags": {},
            "tags_all": {},
            "timeouts": null,
            "vpc_endpoint_type": "Interface",
            "vpc_id": "vpc-04732f1ddb15b6a69"
          },
          "sensitive_attributes": [],
          "private": "eyJlMmJmYjczMC1lY2FhLTExZTYtOGY4OC0zNDM2M2JjN2M0YzAiOnsiY3JlYXRlIjo2MDAwMDAwMDAwMDAsImRlbGV0ZSI6NjAwMDAwMDAwMDAwLCJ1cGRhdGUiOjYwMDAwMDAwMDAwMH19",
          "dependencies": [
            "module.app-dev.aws_security_group.primary_default",
            "module.app-dev.aws_subnet.primary-az1",
            "module.app-dev.aws_subnet.primary-az2",
            "module.app-dev.aws_vpc.primary",
            "module.app-dev.mongodbatlas_privatelink_endpoint.atlaspl"
          ]
        }
      ]
    },
    {
      "module": "module.app-dev",
      "mode": "managed",
      "type": "mongodbatlas_advanced_cluster",
      "name": "cluster-atlas",
      "provider": "provider[\"registry.terraform.io/mongodb/mongodbatlas\"]",
      "instances": [
        {
          "schema_version": 1,
          "attributes": {
            "advanced_configuration": [
              {
                "default_read_concern": "",
                "default_write_concern": "",
                "fail_index_key_too_long": false,
                "javascript_enabled": true,
                "minimum_enabled_tls_protocol": "TLS1_2",
                "no_table_scan": false,
                "oplog_min_retention_hours": 0,
                "oplog_size_mb": 0,
                "sample_refresh_interval_bi_connector": 0,
                "sample_size_bi_connector": 0,
                "transaction_lifetime_limit_seconds": 0
              }
            ],
            "backup_enabled": false,
            "bi_connector_config": [
              {
                "enabled": false,
                "read_preference": "secondary"
              }
            ],
            "cluster_id": "65124a2f114f8225fe9fc9d7",
            "cluster_type": "REPLICASET",
            "connection_strings": [
              {
                "private": "",
                "private_endpoint": [
                  {
                    "connection_string": "mongodb://pl-0-us-east-1.uxs7t.mongodb.net:1087,pl-0-us-east-1.uxs7t.mongodb.net:1088,pl-0-us-east-1.uxs7t.mongodb.net:1089/?ssl=true\u0026authSource=admin\u0026replicaSet=atlas-df8ycy-shard-0",
                    "endpoints": [
                      {
                        "endpoint_id": "vpce-03c1c1ffd94fe9515",
                        "provider_name": "AWS",
                        "region": "US_EAST_1"
                      }
                    ],
                    "srv_connection_string": "mongodb+srv://app-dev-pl-0.uxs7t.mongodb.net",
                    "srv_shard_optimized_connection_string": "",
                    "type": "MONGOD"
                  }
                ],
                "private_srv": "",
                "standard": "mongodb://app-dev-shard-00-00.uxs7t.mongodb.net:27017,app-dev-shard-00-01.uxs7t.mongodb.net:27017,app-dev-shard-00-02.uxs7t.mongodb.net:27017/?ssl=true\u0026authSource=admin\u0026replicaSet=atlas-df8ycy-shard-0",
                "standard_srv": "mongodb+srv://app-dev.uxs7t.mongodb.net"
              }
            ],
            "create_date": "2023-09-26T03:04:15Z",
            "disk_size_gb": 10,
            "encryption_at_rest_provider": "NONE",
            "id": "Y2x1c3Rlcl9pZA==:NjUxMjRhMmYxMTRmODIyNWZlOWZjOWQ3-Y2x1c3Rlcl9uYW1l:YXBwLWRldg==-cHJvamVjdF9pZA==:NjQwMjY0YWMwYjdiZjMwM2U5ZDEzNmRj",
            "labels": [],
            "mongo_db_major_version": "6.0",
            "mongo_db_version": "6.0.10",
            "name": "app-dev",
            "paused": false,
            "pit_enabled": false,
            "project_id": "640264ac0b7bf303e9d136dc",
            "replication_specs": [
              {
                "container_id": {
                  "AWS:US_EAST_1": "643dfcb886760e508f6d850d"
                },
                "id": "65124a2f114f8225fe9fc9ce",
                "num_shards": 1,
                "region_configs": [
                  {
                    "analytics_auto_scaling": [],
                    "analytics_specs": [],
                    "auto_scaling": [
                      {
                        "compute_enabled": true,
                        "compute_max_instance_size": "M30",
                        "compute_min_instance_size": "M10",
                        "compute_scale_down_enabled": true,
                        "disk_gb_enabled": true
                      }
                    ],
                    "backing_provider_name": "",
                    "electable_specs": [
                      {
                        "disk_iops": 0,
                        "ebs_volume_type": "",
                        "instance_size": "M10",
                        "node_count": 3
                      }
                    ],
                    "priority": 7,
                    "provider_name": "AWS",
                    "read_only_specs": [],
                    "region_name": "US_EAST_1"
                  }
                ],
                "zone_name": "ZoneName managed by Terraform"
              }
            ],
            "retain_backups_enabled": null,
            "root_cert_type": "ISRGROOTX1",
            "state_name": "IDLE",
            "tags": [],
            "termination_protection_enabled": false,
            "timeouts": null,
            "version_release_system": "LTS"
          },
          "sensitive_attributes": [],
          "private": "eyJlMmJmYjczMC1lY2FhLTExZTYtOGY4OC0zNDM2M2JjN2M0YzAiOnsiY3JlYXRlIjoxMDgwMDAwMDAwMDAwMCwiZGVsZXRlIjoxMDgwMDAwMDAwMDAwMCwidXBkYXRlIjoxMDgwMDAwMDAwMDAwMH0sInNjaGVtYV92ZXJzaW9uIjoiMSJ9"
        }
      ]
    },
    {
      "module": "module.app-dev",
      "mode": "managed",
      "type": "mongodbatlas_privatelink_endpoint",
      "name": "atlaspl",
      "provider": "provider[\"registry.terraform.io/mongodb/mongodbatlas\"]",
      "instances": [
        {
          "schema_version": 0,
          "attributes": {
            "endpoint_group_names": [],
            "endpoint_service_name": "com.amazonaws.vpce.us-east-1.vpce-svc-0d5652cf1e30b074c",
            "error_message": "",
            "id": "cHJpdmF0ZV9saW5rX2lk:NjUxMjRmOTc5NjNhMTU0NTBlYmMyYTgy-cHJvamVjdF9pZA==:NjQwMjY0YWMwYjdiZjMwM2U5ZDEzNmRj-cHJvdmlkZXJfbmFtZQ==:QVdT-cmVnaW9u:dXMtZWFzdC0x",
            "interface_endpoints": [
              "vpce-03c1c1ffd94fe9515"
            ],
            "private_endpoints": [],
            "private_link_id": "65124f97963a15450ebc2a82",
            "private_link_service_name": "",
            "private_link_service_resource_id": "",
            "project_id": "640264ac0b7bf303e9d136dc",
            "provider_name": "AWS",
            "region": "us-east-1",
            "region_name": "US_EAST_1",
            "service_attachment_names": [],
            "status": "AVAILABLE",
            "timeouts": null
          },
          "sensitive_attributes": [],
          "private": "eyJlMmJmYjczMC1lY2FhLTExZTYtOGY4OC0zNDM2M2JjN2M0YzAiOnsiY3JlYXRlIjozNjAwMDAwMDAwMDAwLCJkZWxldGUiOjM2MDAwMDAwMDAwMDB9fQ=="
        }
      ]
    },
    {
      "module": "module.app-dev",
      "mode": "managed",
      "type": "mongodbatlas_privatelink_endpoint_service",
      "name": "atlaseplink",
      "provider": "provider[\"registry.terraform.io/mongodb/mongodbatlas\"]",
      "instances": [
        {
          "schema_version": 0,
          "attributes": {
            "aws_connection_status": "AVAILABLE",
            "azure_status": null,
            "delete_requested": false,
            "endpoint_group_name": null,
            "endpoint_service_id": "vpce-03c1c1ffd94fe9515",
            "endpoints": [],
            "error_message": "",
            "gcp_project_id": null,
            "gcp_status": null,
            "id": "ZW5kcG9pbnRfc2VydmljZV9pZA==:dnBjZS0wM2MxYzFmZmQ5NGZlOTUxNQ==-cHJpdmF0ZV9saW5rX2lk:NjUxMjRmOTc5NjNhMTU0NTBlYmMyYTgy-cHJvamVjdF9pZA==:NjQwMjY0YWMwYjdiZjMwM2U5ZDEzNmRj-cHJvdmlkZXJfbmFtZQ==:QVdT",
            "interface_endpoint_id": "vpce-03c1c1ffd94fe9515",
            "private_endpoint_connection_name": "",
            "private_endpoint_ip_address": "",
            "private_endpoint_resource_id": "",
            "private_link_id": "cHJpdmF0ZV9saW5rX2lk:NjUxMjRmOTc5NjNhMTU0NTBlYmMyYTgy-cHJvamVjdF9pZA==:NjQwMjY0YWMwYjdiZjMwM2U5ZDEzNmRj-cHJvdmlkZXJfbmFtZQ==:QVdT-cmVnaW9u:dXMtZWFzdC0x",
            "project_id": "640264ac0b7bf303e9d136dc",
            "provider_name": "AWS",
            "timeouts": null
          },
          "sensitive_attributes": [],
          "private": "eyJlMmJmYjczMC1lY2FhLTExZTYtOGY4OC0zNDM2M2JjN2M0YzAiOnsiY3JlYXRlIjo3MjAwMDAwMDAwMDAwLCJkZWxldGUiOjcyMDAwMDAwMDAwMDB9fQ==",
          "dependencies": [
            "module.app-dev.aws_security_group.primary_default",
            "module.app-dev.aws_subnet.primary-az1",
            "module.app-dev.aws_subnet.primary-az2",
            "module.app-dev.aws_vpc.primary",
            "module.app-dev.aws_vpc_endpoint.ptfe_service",
            "module.app-dev.mongodbatlas_privatelink_endpoint.atlaspl"
          ]
        }
      ]
    }
  ],
  "check_results": null
}
