{
  "version": 4,
  "terraform_version": "1.5.7",
  "serial": 81,
  "lineage": "a8601ffa-f0bb-d363-b494-f8bad50e0ba0",
  "outputs": {},
  "resources": [
    {
      "module": "module.app-dev",
      "mode": "data",
      "type": "aws_ami",
      "name": "amazon-linux-2",
      "provider": "provider[\"registry.terraform.io/hashicorp/aws\"]",
      "instances": [
        {
          "schema_version": 0,
          "attributes": {
            "architecture": "x86_64",
            "arn": "arn:aws:ec2:us-east-1::image/ami-0d887a308369b6881",
            "block_device_mappings": [
              {
                "device_name": "/dev/xvda",
                "ebs": {
                  "delete_on_termination": "true",
                  "encrypted": "false",
                  "iops": "0",
                  "snapshot_id": "snap-05f0b253ba3cafa7d",
                  "throughput": "0",
                  "volume_size": "8",
                  "volume_type": "gp2"
                },
                "no_device": "",
                "virtual_name": ""
              }
            ],
            "boot_mode": "",
            "creation_date": "2023-09-26T17:43:39.000Z",
            "deprecation_time": "2025-07-01T00:00:00.000Z",
            "description": "Amazon Linux 2 AMI 2.0.20230926.0 x86_64 HVM gp2",
            "ena_support": true,
            "executable_users": null,
            "filter": [
              {
                "name": "name",
                "values": [
                  "amzn2-ami-hvm*"
                ]
              },
              {
                "name": "owner-alias",
                "values": [
                  "amazon"
                ]
              }
            ],
            "hypervisor": "xen",
            "id": "ami-0d887a308369b6881",
            "image_id": "ami-0d887a308369b6881",
            "image_location": "amazon/amzn2-ami-hvm-2.0.20230926.0-x86_64-gp2",
            "image_owner_alias": "amazon",
            "image_type": "machine",
            "imds_support": "",
            "include_deprecated": false,
            "kernel_id": "",
            "most_recent": true,
            "name": "amzn2-ami-hvm-2.0.20230926.0-x86_64-gp2",
            "name_regex": null,
            "owner_id": "137112412989",
            "owners": [
              "amazon"
            ],
            "platform": "",
            "platform_details": "Linux/UNIX",
            "product_codes": [],
            "public": true,
            "ramdisk_id": "",
            "root_device_name": "/dev/xvda",
            "root_device_type": "ebs",
            "root_snapshot_id": "snap-05f0b253ba3cafa7d",
            "sriov_net_support": "simple",
            "state": "available",
            "state_reason": {
              "code": "UNSET",
              "message": "UNSET"
            },
            "tags": {},
            "timeouts": null,
            "tpm_support": "",
            "usage_operation": "RunInstances",
            "virtualization_type": "hvm"
          },
          "sensitive_attributes": []
        }
      ]
    },
    {
      "module": "module.app-dev",
      "mode": "data",
      "type": "aws_iam_policy_document",
      "name": "assume_role",
      "provider": "provider[\"registry.terraform.io/hashicorp/aws\"]",
      "instances": [
        {
          "schema_version": 0,
          "attributes": {
            "id": "2690255455",
            "json": "{\n  \"Version\": \"2012-10-17\",\n  \"Statement\": [\n    {\n      \"Effect\": \"Allow\",\n      \"Action\": \"sts:AssumeRole\",\n      \"Principal\": {\n        \"Service\": \"lambda.amazonaws.com\"\n      }\n    }\n  ]\n}",
            "override_policy_documents": null,
            "policy_id": null,
            "source_policy_documents": null,
            "statement": [
              {
                "actions": [
                  "sts:AssumeRole"
                ],
                "condition": [],
                "effect": "Allow",
                "not_actions": [],
                "not_principals": [],
                "not_resources": [],
                "principals": [
                  {
                    "identifiers": [
                      "lambda.amazonaws.com"
                    ],
                    "type": "Service"
                  }
                ],
                "resources": [],
                "sid": ""
              }
            ],
            "version": "2012-10-17"
          },
          "sensitive_attributes": []
        }
      ]
    },
    {
      "module": "module.app-dev",
      "mode": "managed",
      "type": "aws_iam_instance_profile",
      "name": "ec2_ssm_instance_profile",
      "provider": "provider[\"registry.terraform.io/hashicorp/aws\"]",
      "instances": [
        {
          "schema_version": 0,
          "attributes": {
            "arn": "arn:aws:iam::655848829540:instance-profile/ec2_ssm_instance_profile",
            "create_date": "2023-09-26T03:43:24Z",
            "id": "ec2_ssm_instance_profile",
            "name": "ec2_ssm_instance_profile",
            "name_prefix": "",
            "path": "/",
            "role": "dev_ec2_ssm_role",
            "tags": {},
            "tags_all": {},
            "unique_id": "AIPAZRM5C6JSO2TZK5TEW"
          },
          "sensitive_attributes": [],
          "private": "bnVsbA==",
          "dependencies": [
            "module.app-dev.aws_iam_role.ec2-ssm-role"
          ]
        }
      ]
    },
    {
      "module": "module.app-dev",
      "mode": "managed",
      "type": "aws_lambda_function",
      "name": "atlas_lambda_demo",
      "provider": "provider[\"registry.terraform.io/hashicorp/aws\"]",
      "instances": [
        {
          "schema_version": 0,
          "attributes": {
            "architectures": [
              "x86_64"
            ],
            "arn": "arn:aws:lambda:us-east-1:655848829540:function:atlas_lambda_demo",
            "code_signing_config_arn": "",
            "dead_letter_config": [],
            "description": "",
            "environment": [
              {
                "variables": {
                  "MONGODB_PASSWORD": "mongopass",
                  "MONGODB_USERNAME": "gefterchongong"
                }
              }
            ],
            "ephemeral_storage": [
              {
                "size": 512
              }
            ],
            "file_system_config": [],
            "filename": "../modules/application/awslambda-demo/deployment.zip",
            "function_name": "atlas_lambda_demo",
            "handler": "index.lambda_handler",
            "id": "atlas_lambda_demo",
            "image_config": [],
            "image_uri": "",
            "invoke_arn": "arn:aws:apigateway:us-east-1:lambda:path/2015-03-31/functions/arn:aws:lambda:us-east-1:655848829540:function:atlas_lambda_demo/invocations",
            "kms_key_arn": "",
            "last_modified": "2023-10-10T02:30:22.000+0000",
            "layers": [],
            "memory_size": 128,
            "package_type": "Zip",
            "publish": false,
            "qualified_arn": "arn:aws:lambda:us-east-1:655848829540:function:atlas_lambda_demo:$LATEST",
            "qualified_invoke_arn": "arn:aws:apigateway:us-east-1:lambda:path/2015-03-31/functions/arn:aws:lambda:us-east-1:655848829540:function:atlas_lambda_demo:$LATEST/invocations",
            "replace_security_groups_on_destroy": null,
            "replacement_security_group_ids": null,
            "reserved_concurrent_executions": -1,
            "role": "arn:aws:iam::655848829540:role/dev_atlas_lambda_permission",
            "runtime": "python3.8",
            "s3_bucket": null,
            "s3_key": null,
            "s3_object_version": null,
            "signing_job_arn": "",
            "signing_profile_version_arn": "",
            "skip_destroy": false,
            "snap_start": [],
            "source_code_hash": "GOKjXP5+3stvMxaNmmBaMzKdhmOYaNaO4M/UxmpynYg=",
            "source_code_size": 2050562,
            "tags": {},
            "tags_all": {},
            "timeout": 3,
            "timeouts": null,
            "tracing_config": [
              {
                "mode": "PassThrough"
              }
            ],
            "version": "$LATEST",
            "vpc_config": [
              {
                "security_group_ids": [
                  "sg-0837c35323873513a"
                ],
                "subnet_ids": [
                  "subnet-03a4b3d916f2e37d5",
                  "subnet-059b9bf84e91136b5"
                ],
                "vpc_id": "vpc-04732f1ddb15b6a69"
              }
            ]
          },
          "sensitive_attributes": [],
          "private": "eyJlMmJmYjczMC1lY2FhLTExZTYtOGY4OC0zNDM2M2JjN2M0YzAiOnsiY3JlYXRlIjo2MDAwMDAwMDAwMDAsImRlbGV0ZSI6NjAwMDAwMDAwMDAwLCJ1cGRhdGUiOjYwMDAwMDAwMDAwMH19",
          "dependencies": [
            "module.app-dev.aws_iam_role.lambda_permission",
            "module.app-dev.aws_security_group.primary_default",
            "module.app-dev.aws_subnet.primary-az1",
            "module.app-dev.aws_subnet.primary-az2",
            "module.app-dev.aws_vpc.primary",
            "module.app-dev.data.aws_iam_policy_document.assume_role"
          ]
        }
      ]
    },
    {
      "module": "module.app-dev",
      "mode": "managed",
      "type": "mongodbatlas_advanced_cluster",
      "name": "cluster-atlas",
      "provider": "provider[\"registry.terraform.io/mongodb/mongodbatlas\"]",
      "instances": [
        {
          "schema_version": 1,
          "attributes": {
            "advanced_configuration": [
              {
                "default_read_concern": "",
                "default_write_concern": "",
                "fail_index_key_too_long": false,
                "javascript_enabled": true,
                "minimum_enabled_tls_protocol": "TLS1_2",
                "no_table_scan": false,
                "oplog_min_retention_hours": 0,
                "oplog_size_mb": 0,
                "sample_refresh_interval_bi_connector": 0,
                "sample_size_bi_connector": 0,
                "transaction_lifetime_limit_seconds": 0
              }
            ],
            "backup_enabled": false,
            "bi_connector_config": [
              {
                "enabled": false,
                "read_preference": "secondary"
              }
            ],
            "cluster_id": "65124a2f114f8225fe9fc9d7",
            "cluster_type": "REPLICASET",
            "connection_strings": [
              {
                "private": "",
                "private_endpoint": [
                  {
                    "connection_string": "mongodb://pl-0-us-east-1.uxs7t.mongodb.net:1087,pl-0-us-east-1.uxs7t.mongodb.net:1088,pl-0-us-east-1.uxs7t.mongodb.net:1089/?ssl=true\u0026authSource=admin\u0026replicaSet=atlas-df8ycy-shard-0",
                    "endpoints": [
                      {
                        "endpoint_id": "vpce-03c1c1ffd94fe9515",
                        "provider_name": "AWS",
                        "region": "US_EAST_1"
                      }
                    ],
                    "srv_connection_string": "mongodb+srv://app-dev-pl-0.uxs7t.mongodb.net",
                    "srv_shard_optimized_connection_string": "",
                    "type": "MONGOD"
                  }
                ],
                "private_srv": "",
                "standard": "mongodb://app-dev-shard-00-00.uxs7t.mongodb.net:27017,app-dev-shard-00-01.uxs7t.mongodb.net:27017,app-dev-shard-00-02.uxs7t.mongodb.net:27017/?ssl=true\u0026authSource=admin\u0026replicaSet=atlas-df8ycy-shard-0",
                "standard_srv": "mongodb+srv://app-dev.uxs7t.mongodb.net"
              }
            ],
            "create_date": "2023-09-26T03:04:15Z",
            "disk_size_gb": 10,
            "encryption_at_rest_provider": "NONE",
            "id": "Y2x1c3Rlcl9pZA==:NjUxMjRhMmYxMTRmODIyNWZlOWZjOWQ3-Y2x1c3Rlcl9uYW1l:YXBwLWRldg==-cHJvamVjdF9pZA==:NjQwMjY0YWMwYjdiZjMwM2U5ZDEzNmRj",
            "labels": [],
            "mongo_db_major_version": "6.0",
            "mongo_db_version": "6.0.10",
            "name": "app-dev",
            "paused": false,
            "pit_enabled": false,
            "project_id": "640264ac0b7bf303e9d136dc",
            "replication_specs": [
              {
                "container_id": {
                  "AWS:US_EAST_1": "643dfcb886760e508f6d850d"
                },
                "id": "65124a2f114f8225fe9fc9ce",
                "num_shards": 1,
                "region_configs": [
                  {
                    "analytics_auto_scaling": [],
                    "analytics_specs": [],
                    "auto_scaling": [
                      {
                        "compute_enabled": true,
                        "compute_max_instance_size": "M30",
                        "compute_min_instance_size": "M10",
                        "compute_scale_down_enabled": true,
                        "disk_gb_enabled": true
                      }
                    ],
                    "backing_provider_name": "",
                    "electable_specs": [
                      {
                        "disk_iops": 0,
                        "ebs_volume_type": "",
                        "instance_size": "M10",
                        "node_count": 3
                      }
                    ],
                    "priority": 7,
                    "provider_name": "AWS",
                    "read_only_specs": [],
                    "region_name": "US_EAST_1"
                  }
                ],
                "zone_name": "ZoneName managed by Terraform"
              }
            ],
            "retain_backups_enabled": null,
            "root_cert_type": "ISRGROOTX1",
            "state_name": "IDLE",
            "tags": [],
            "termination_protection_enabled": false,
            "timeouts": null,
            "version_release_system": "LTS"
          },
          "sensitive_attributes": [],
          "private": "eyJlMmJmYjczMC1lY2FhLTExZTYtOGY4OC0zNDM2M2JjN2M0YzAiOnsiY3JlYXRlIjoxMDgwMDAwMDAwMDAwMCwiZGVsZXRlIjoxMDgwMDAwMDAwMDAwMCwidXBkYXRlIjoxMDgwMDAwMDAwMDAwMH0sInNjaGVtYV92ZXJzaW9uIjoiMSJ9"
        }
      ]
    },
    {
      "module": "module.app-dev",
      "mode": "managed",
      "type": "mongodbatlas_privatelink_endpoint",
      "name": "atlaspl",
      "provider": "provider[\"registry.terraform.io/mongodb/mongodbatlas\"]",
      "instances": [
        {
          "schema_version": 0,
          "attributes": {
            "endpoint_group_names": [],
            "endpoint_service_name": "com.amazonaws.vpce.us-east-1.vpce-svc-0d5652cf1e30b074c",
            "error_message": "",
            "id": "cHJpdmF0ZV9saW5rX2lk:NjUxMjRmOTc5NjNhMTU0NTBlYmMyYTgy-cHJvamVjdF9pZA==:NjQwMjY0YWMwYjdiZjMwM2U5ZDEzNmRj-cHJvdmlkZXJfbmFtZQ==:QVdT-cmVnaW9u:dXMtZWFzdC0x",
            "interface_endpoints": [
              "vpce-03c1c1ffd94fe9515"
            ],
            "private_endpoints": [],
            "private_link_id": "65124f97963a15450ebc2a82",
            "private_link_service_name": "",
            "private_link_service_resource_id": "",
            "project_id": "640264ac0b7bf303e9d136dc",
            "provider_name": "AWS",
            "region": "us-east-1",
            "region_name": "US_EAST_1",
            "service_attachment_names": [],
            "status": "AVAILABLE",
            "timeouts": null
          },
          "sensitive_attributes": [],
          "private": "eyJlMmJmYjczMC1lY2FhLTExZTYtOGY4OC0zNDM2M2JjN2M0YzAiOnsiY3JlYXRlIjozNjAwMDAwMDAwMDAwLCJkZWxldGUiOjM2MDAwMDAwMDAwMDB9fQ=="
        }
      ]
    },
    {
      "module": "module.app-dev",
      "mode": "managed",
      "type": "mongodbatlas_privatelink_endpoint_service",
      "name": "atlaseplink",
      "provider": "provider[\"registry.terraform.io/mongodb/mongodbatlas\"]",
      "instances": [
        {
          "schema_version": 0,
          "attributes": {
            "aws_connection_status": "AVAILABLE",
            "azure_status": null,
            "delete_requested": false,
            "endpoint_group_name": null,
            "endpoint_service_id": "vpce-03c1c1ffd94fe9515",
            "endpoints": [],
            "error_message": "",
            "gcp_project_id": null,
            "gcp_status": null,
            "id": "ZW5kcG9pbnRfc2VydmljZV9pZA==:dnBjZS0wM2MxYzFmZmQ5NGZlOTUxNQ==-cHJpdmF0ZV9saW5rX2lk:NjUxMjRmOTc5NjNhMTU0NTBlYmMyYTgy-cHJvamVjdF9pZA==:NjQwMjY0YWMwYjdiZjMwM2U5ZDEzNmRj-cHJvdmlkZXJfbmFtZQ==:QVdT",
            "interface_endpoint_id": "vpce-03c1c1ffd94fe9515",
            "private_endpoint_connection_name": "",
            "private_endpoint_ip_address": "",
            "private_endpoint_resource_id": "",
            "private_link_id": "cHJpdmF0ZV9saW5rX2lk:NjUxMjRmOTc5NjNhMTU0NTBlYmMyYTgy-cHJvamVjdF9pZA==:NjQwMjY0YWMwYjdiZjMwM2U5ZDEzNmRj-cHJvdmlkZXJfbmFtZQ==:QVdT-cmVnaW9u:dXMtZWFzdC0x",
            "project_id": "640264ac0b7bf303e9d136dc",
            "provider_name": "AWS",
            "timeouts": null
          },
          "sensitive_attributes": [],
          "private": "eyJlMmJmYjczMC1lY2FhLTExZTYtOGY4OC0zNDM2M2JjN2M0YzAiOnsiY3JlYXRlIjo3MjAwMDAwMDAwMDAwLCJkZWxldGUiOjcyMDAwMDAwMDAwMDB9fQ==",
          "dependencies": [
            "module.app-dev.aws_security_group.primary_default",
            "module.app-dev.aws_subnet.primary-az1",
            "module.app-dev.aws_subnet.primary-az2",
            "module.app-dev.aws_vpc.primary",
            "module.app-dev.aws_vpc_endpoint.ptfe_service",
            "module.app-dev.mongodbatlas_privatelink_endpoint.atlaspl"
          ]
        }
      ]
    }
  ],
  "check_results": null
}
